// !$*UTF8*$!
{
	archiveVersion = 1;
	classes = {
	};
	objectVersion = 46;
	objects = {

/* Begin PBXBuildFile section */
		3B659DF41D49E3ED00EC568B /* PhotoShowViewController.m in Sources */ = {isa = PBXBuildFile; fileRef = 3B659DF31D49E3ED00EC568B /* PhotoShowViewController.m */; };
		3B659DFA1D49E46900EC568B /* PhotoShowContentView.m in Sources */ = {isa = PBXBuildFile; fileRef = 3B659DF91D49E46900EC568B /* PhotoShowContentView.m */; };
		3B8C1B321D4F00E500D061C8 /* PasswordNoteMainModel.m in Sources */ = {isa = PBXBuildFile; fileRef = 3B8C1B311D4F00E500D061C8 /* PasswordNoteMainModel.m */; };
		3B8C1B361D4F37A600D061C8 /* MotionStatusViewController.m in Sources */ = {isa = PBXBuildFile; fileRef = 3B8C1B351D4F37A600D061C8 /* MotionStatusViewController.m */; };
		3B8C1B391D4F39B000D061C8 /* MotionLineViewController.m in Sources */ = {isa = PBXBuildFile; fileRef = 3B8C1B381D4F39B000D061C8 /* MotionLineViewController.m */; };
		3B8C1B7F1D51887000D061C8 /* MotionStatusViewController.xib in Resources */ = {isa = PBXBuildFile; fileRef = 3B8C1B7E1D51887000D061C8 /* MotionStatusViewController.xib */; };
		3B8C1B861D51F9DD00D061C8 /* MotionHistoryViewController.m in Sources */ = {isa = PBXBuildFile; fileRef = 3B8C1B841D51F9DD00D061C8 /* MotionHistoryViewController.m */; };
		3B8C1B871D51F9DD00D061C8 /* MotionHistoryViewController.xib in Resources */ = {isa = PBXBuildFile; fileRef = 3B8C1B851D51F9DD00D061C8 /* MotionHistoryViewController.xib */; };
		3BA27A331D4C374100B4C32F /* SM4-OCMethod.m in Sources */ = {isa = PBXBuildFile; fileRef = 3BA27A321D4C374100B4C32F /* SM4-OCMethod.m */; };
		3BBEF14A1D4B3A3C001BAE66 /* MiMaBenViewController.m in Sources */ = {isa = PBXBuildFile; fileRef = 3BBEF1491D4B3A3C001BAE66 /* MiMaBenViewController.m */; };
		3BBEF14D1D4B3A69001BAE66 /* MiMaBenContentView.m in Sources */ = {isa = PBXBuildFile; fileRef = 3BBEF14C1D4B3A69001BAE66 /* MiMaBenContentView.m */; };
		3BBEF1511D4B3B52001BAE66 /* MiMaTableViewCell.m in Sources */ = {isa = PBXBuildFile; fileRef = 3BBEF14F1D4B3B52001BAE66 /* MiMaTableViewCell.m */; };
		3BBEF1521D4B3B52001BAE66 /* MiMaTableViewCell.xib in Resources */ = {isa = PBXBuildFile; fileRef = 3BBEF1501D4B3B52001BAE66 /* MiMaTableViewCell.xib */; };
		3BBEF1561D4B4691001BAE66 /* AddMiMaViewController.m in Sources */ = {isa = PBXBuildFile; fileRef = 3BBEF1541D4B4691001BAE66 /* AddMiMaViewController.m */; };
		3BBEF15A1D4B495E001BAE66 /* AddMiMaViewContentView.m in Sources */ = {isa = PBXBuildFile; fileRef = 3BBEF1591D4B495E001BAE66 /* AddMiMaViewContentView.m */; };
		3BBEF15E1D4B4E97001BAE66 /* AddMiMaCell.m in Sources */ = {isa = PBXBuildFile; fileRef = 3BBEF15C1D4B4E97001BAE66 /* AddMiMaCell.m */; };
		3BBEF15F1D4B4E97001BAE66 /* AddMiMaCell.xib in Resources */ = {isa = PBXBuildFile; fileRef = 3BBEF15D1D4B4E97001BAE66 /* AddMiMaCell.xib */; };
		3BC0B47B1D4847EB00616A27 /* ShouDongJiaMiWenJianJIaTableViewCell.m in Sources */ = {isa = PBXBuildFile; fileRef = 3BC0B4791D4847EB00616A27 /* ShouDongJiaMiWenJianJIaTableViewCell.m */; };
		3BC0B47C1D4847EB00616A27 /* ShouDongJiaMiWenJianJIaTableViewCell.xib in Resources */ = {isa = PBXBuildFile; fileRef = 3BC0B47A1D4847EB00616A27 /* ShouDongJiaMiWenJianJIaTableViewCell.xib */; };
		3BC0B48B1D48520E00616A27 /* LocalAlbumTableViewController.m in Sources */ = {isa = PBXBuildFile; fileRef = 3BC0B47F1D48520E00616A27 /* LocalAlbumTableViewController.m */; };
		3BC0B48C1D48520E00616A27 /* LocalAlbumCell.m in Sources */ = {isa = PBXBuildFile; fileRef = 3BC0B4811D48520E00616A27 /* LocalAlbumCell.m */; };
		3BC0B48D1D48520E00616A27 /* LocalAlbumCell.xib in Resources */ = {isa = PBXBuildFile; fileRef = 3BC0B4821D48520E00616A27 /* LocalAlbumCell.xib */; };
		3BC0B48E1D48520E00616A27 /* LocalPhotoViewController.m in Sources */ = {isa = PBXBuildFile; fileRef = 3BC0B4841D48520E00616A27 /* LocalPhotoViewController.m */; };
		3BC0B48F1D48520E00616A27 /* LocalPhotoViewController.xib in Resources */ = {isa = PBXBuildFile; fileRef = 3BC0B4851D48520E00616A27 /* LocalPhotoViewController.xib */; };
		3BC0B4901D48520E00616A27 /* LocalPhotoCell.m in Sources */ = {isa = PBXBuildFile; fileRef = 3BC0B4871D48520E00616A27 /* LocalPhotoCell.m */; };
		3BC0B4911D48520E00616A27 /* LocalPhotoCell.xib in Resources */ = {isa = PBXBuildFile; fileRef = 3BC0B4881D48520E00616A27 /* LocalPhotoCell.xib */; };
		3BC0B4921D48520E00616A27 /* AssetHelper.m in Sources */ = {isa = PBXBuildFile; fileRef = 3BC0B48A1D48520E00616A27 /* AssetHelper.m */; };
		3BD797001D55D34B00DB6821 /* JBBarChartFooterView.m in Sources */ = {isa = PBXBuildFile; fileRef = 3BD796FF1D55D34B00DB6821 /* JBBarChartFooterView.m */; };
		3BDD65121D45DE73009EA15F /* main.m in Sources */ = {isa = PBXBuildFile; fileRef = 3BDD65111D45DE73009EA15F /* main.m */; };
		3BDD65151D45DE73009EA15F /* AppDelegate.m in Sources */ = {isa = PBXBuildFile; fileRef = 3BDD65141D45DE73009EA15F /* AppDelegate.m */; };
		3BDD651D1D45DE73009EA15F /* Assets.xcassets in Resources */ = {isa = PBXBuildFile; fileRef = 3BDD651C1D45DE73009EA15F /* Assets.xcassets */; };
		3BDD65201D45DE73009EA15F /* LaunchScreen.storyboard in Resources */ = {isa = PBXBuildFile; fileRef = 3BDD651E1D45DE73009EA15F /* LaunchScreen.storyboard */; };
		3BDD652B1D45DE74009EA15F /* BaoMiWanBiaoTests.m in Sources */ = {isa = PBXBuildFile; fileRef = 3BDD652A1D45DE74009EA15F /* BaoMiWanBiaoTests.m */; };
		3BDD65361D45DE74009EA15F /* BaoMiWanBiaoUITests.m in Sources */ = {isa = PBXBuildFile; fileRef = 3BDD65351D45DE74009EA15F /* BaoMiWanBiaoUITests.m */; };
		3BDD65461D45DF65009EA15F /* RegistAndLoginViewController.m in Sources */ = {isa = PBXBuildFile; fileRef = 3BDD65441D45DF65009EA15F /* RegistAndLoginViewController.m */; };
		3BDD65471D45DF65009EA15F /* RegistAndLoginViewController.xib in Resources */ = {isa = PBXBuildFile; fileRef = 3BDD65451D45DF65009EA15F /* RegistAndLoginViewController.xib */; };
		3BDD65851D45E4CA009EA15F /* aclock@2x.png in Resources */ = {isa = PBXBuildFile; fileRef = 3BDD65491D45E4CA009EA15F /* aclock@2x.png */; };
		3BDD65861D45E4CA009EA15F /* aclock@3x.png in Resources */ = {isa = PBXBuildFile; fileRef = 3BDD654A1D45E4CA009EA15F /* aclock@3x.png */; };
		3BDD65871D45E4CA009EA15F /* app@2x.png in Resources */ = {isa = PBXBuildFile; fileRef = 3BDD654B1D45E4CA009EA15F /* app@2x.png */; };
		3BDD65881D45E4CA009EA15F /* app@3x.png in Resources */ = {isa = PBXBuildFile; fileRef = 3BDD654C1D45E4CA009EA15F /* app@3x.png */; };
		3BDD65891D45E4CA009EA15F /* back@2x.png in Resources */ = {isa = PBXBuildFile; fileRef = 3BDD654D1D45E4CA009EA15F /* back@2x.png */; };
		3BDD658A1D45E4CA009EA15F /* back@3x.png in Resources */ = {isa = PBXBuildFile; fileRef = 3BDD654E1D45E4CA009EA15F /* back@3x.png */; };
		3BDD658B1D45E4CA009EA15F /* bg_sport@2x.png in Resources */ = {isa = PBXBuildFile; fileRef = 3BDD654F1D45E4CA009EA15F /* bg_sport@2x.png */; };
		3BDD658C1D45E4CA009EA15F /* bg_sport@3x.png in Resources */ = {isa = PBXBuildFile; fileRef = 3BDD65501D45E4CA009EA15F /* bg_sport@3x.png */; };
		3BDD658D1D45E4CA009EA15F /* box@2x.png in Resources */ = {isa = PBXBuildFile; fileRef = 3BDD65511D45E4CA009EA15F /* box@2x.png */; };
		3BDD658E1D45E4CA009EA15F /* box@3x.png in Resources */ = {isa = PBXBuildFile; fileRef = 3BDD65521D45E4CA009EA15F /* box@3x.png */; };
		3BDD658F1D45E4CA009EA15F /* circle@2x.png in Resources */ = {isa = PBXBuildFile; fileRef = 3BDD65531D45E4CA009EA15F /* circle@2x.png */; };
		3BDD65901D45E4CA009EA15F /* circle@3x.png in Resources */ = {isa = PBXBuildFile; fileRef = 3BDD65541D45E4CA009EA15F /* circle@3x.png */; };
		3BDD65911D45E4CA009EA15F /* close@2x.png in Resources */ = {isa = PBXBuildFile; fileRef = 3BDD65551D45E4CA009EA15F /* close@2x.png */; };
		3BDD65921D45E4CA009EA15F /* close@3x.png in Resources */ = {isa = PBXBuildFile; fileRef = 3BDD65561D45E4CA009EA15F /* close@3x.png */; };
		3BDD65931D45E4CA009EA15F /* connect@2x.png in Resources */ = {isa = PBXBuildFile; fileRef = 3BDD65571D45E4CA009EA15F /* connect@2x.png */; };
		3BDD65941D45E4CA009EA15F /* connect@3x.png in Resources */ = {isa = PBXBuildFile; fileRef = 3BDD65581D45E4CA009EA15F /* connect@3x.png */; };
		3BDD65951D45E4CA009EA15F /* file@2x.png in Resources */ = {isa = PBXBuildFile; fileRef = 3BDD65591D45E4CA009EA15F /* file@2x.png */; };
		3BDD65961D45E4CA009EA15F /* file@3x.png in Resources */ = {isa = PBXBuildFile; fileRef = 3BDD655A1D45E4CA009EA15F /* file@3x.png */; };
		3BDD65971D45E4CA009EA15F /* flie_box@2x.png in Resources */ = {isa = PBXBuildFile; fileRef = 3BDD655B1D45E4CA009EA15F /* flie_box@2x.png */; };
		3BDD65981D45E4CA009EA15F /* flie_box@3x.png in Resources */ = {isa = PBXBuildFile; fileRef = 3BDD655C1D45E4CA009EA15F /* flie_box@3x.png */; };
		3BDD65991D45E4CA009EA15F /* forget@2x.png in Resources */ = {isa = PBXBuildFile; fileRef = 3BDD655D1D45E4CA009EA15F /* forget@2x.png */; };
		3BDD659A1D45E4CA009EA15F /* forget@3x.png in Resources */ = {isa = PBXBuildFile; fileRef = 3BDD655E1D45E4CA009EA15F /* forget@3x.png */; };
		3BDD659B1D45E4CA009EA15F /* forward@2x.png in Resources */ = {isa = PBXBuildFile; fileRef = 3BDD655F1D45E4CA009EA15F /* forward@2x.png */; };
		3BDD659C1D45E4CA009EA15F /* forward@3x.png in Resources */ = {isa = PBXBuildFile; fileRef = 3BDD65601D45E4CA009EA15F /* forward@3x.png */; };
		3BDD659D1D45E4CA009EA15F /* key@2x.png in Resources */ = {isa = PBXBuildFile; fileRef = 3BDD65611D45E4CA009EA15F /* key@2x.png */; };
		3BDD659E1D45E4CA009EA15F /* key@3x.png in Resources */ = {isa = PBXBuildFile; fileRef = 3BDD65621D45E4CA009EA15F /* key@3x.png */; };
		3BDD659F1D45E4CA009EA15F /* list@2x.png in Resources */ = {isa = PBXBuildFile; fileRef = 3BDD65631D45E4CA009EA15F /* list@2x.png */; };
		3BDD65A01D45E4CA009EA15F /* list@3x.png in Resources */ = {isa = PBXBuildFile; fileRef = 3BDD65641D45E4CA009EA15F /* list@3x.png */; };
		3BDD65A11D45E4CA009EA15F /* lock@2x.png in Resources */ = {isa = PBXBuildFile; fileRef = 3BDD65651D45E4CA009EA15F /* lock@2x.png */; };
		3BDD65A21D45E4CA009EA15F /* lock@3x.png in Resources */ = {isa = PBXBuildFile; fileRef = 3BDD65661D45E4CA009EA15F /* lock@3x.png */; };
		3BDD65A31D45E4CA009EA15F /* locked@2x.png in Resources */ = {isa = PBXBuildFile; fileRef = 3BDD65671D45E4CA009EA15F /* locked@2x.png */; };
		3BDD65A41D45E4CA009EA15F /* locked@3x.png in Resources */ = {isa = PBXBuildFile; fileRef = 3BDD65681D45E4CA009EA15F /* locked@3x.png */; };
		3BDD65A51D45E4CA009EA15F /* no_select@2x.png in Resources */ = {isa = PBXBuildFile; fileRef = 3BDD65691D45E4CA009EA15F /* no_select@2x.png */; };
		3BDD65A61D45E4CA009EA15F /* no_select@3x.png in Resources */ = {isa = PBXBuildFile; fileRef = 3BDD656A1D45E4CA009EA15F /* no_select@3x.png */; };
		3BDD65A71D45E4CA009EA15F /* notepad@2x.png in Resources */ = {isa = PBXBuildFile; fileRef = 3BDD656B1D45E4CA009EA15F /* notepad@2x.png */; };
		3BDD65A81D45E4CA009EA15F /* notepad@3x.png in Resources */ = {isa = PBXBuildFile; fileRef = 3BDD656C1D45E4CA009EA15F /* notepad@3x.png */; };
		3BDD65A91D45E4CA009EA15F /* open@2x.png in Resources */ = {isa = PBXBuildFile; fileRef = 3BDD656D1D45E4CA009EA15F /* open@2x.png */; };
		3BDD65AA1D45E4CA009EA15F /* open@3x.png in Resources */ = {isa = PBXBuildFile; fileRef = 3BDD656E1D45E4CA009EA15F /* open@3x.png */; };
		3BDD65AB1D45E4CA009EA15F /* pencil-with-paper@2x.png in Resources */ = {isa = PBXBuildFile; fileRef = 3BDD656F1D45E4CA009EA15F /* pencil-with-paper@2x.png */; };
		3BDD65AC1D45E4CA009EA15F /* pencil-with-paper@3x.png in Resources */ = {isa = PBXBuildFile; fileRef = 3BDD65701D45E4CA009EA15F /* pencil-with-paper@3x.png */; };
		3BDD65AD1D45E4CA009EA15F /* phone@2x.png in Resources */ = {isa = PBXBuildFile; fileRef = 3BDD65711D45E4CA009EA15F /* phone@2x.png */; };
		3BDD65AE1D45E4CA009EA15F /* phone@3x.png in Resources */ = {isa = PBXBuildFile; fileRef = 3BDD65721D45E4CA009EA15F /* phone@3x.png */; };
		3BDD65AF1D45E4CA009EA15F /* search@2x.png in Resources */ = {isa = PBXBuildFile; fileRef = 3BDD65731D45E4CA009EA15F /* search@2x.png */; };
		3BDD65B01D45E4CA009EA15F /* search@3x.png in Resources */ = {isa = PBXBuildFile; fileRef = 3BDD65741D45E4CA009EA15F /* search@3x.png */; };
		3BDD65B11D45E4CA009EA15F /* secret_box@2x.png in Resources */ = {isa = PBXBuildFile; fileRef = 3BDD65751D45E4CA009EA15F /* secret_box@2x.png */; };
		3BDD65B21D45E4CA009EA15F /* secret_box@3x.png in Resources */ = {isa = PBXBuildFile; fileRef = 3BDD65761D45E4CA009EA15F /* secret_box@3x.png */; };
		3BDD65B31D45E4CA009EA15F /* secret_text@2x.png in Resources */ = {isa = PBXBuildFile; fileRef = 3BDD65771D45E4CA009EA15F /* secret_text@2x.png */; };
		3BDD65B41D45E4CA009EA15F /* secret_text@3x.png in Resources */ = {isa = PBXBuildFile; fileRef = 3BDD65781D45E4CA009EA15F /* secret_text@3x.png */; };
		3BDD65B51D45E4CA009EA15F /* select@2x.png in Resources */ = {isa = PBXBuildFile; fileRef = 3BDD65791D45E4CA009EA15F /* select@2x.png */; };
		3BDD65B61D45E4CA009EA15F /* select@3x.png in Resources */ = {isa = PBXBuildFile; fileRef = 3BDD657A1D45E4CA009EA15F /* select@3x.png */; };
		3BDD65B71D45E4CA009EA15F /* sleep@2x.png in Resources */ = {isa = PBXBuildFile; fileRef = 3BDD657B1D45E4CA009EA15F /* sleep@2x.png */; };
		3BDD65B81D45E4CA009EA15F /* sleep@3x.png in Resources */ = {isa = PBXBuildFile; fileRef = 3BDD657C1D45E4CA009EA15F /* sleep@3x.png */; };
		3BDD65B91D45E4CA009EA15F /* sport@2x.png in Resources */ = {isa = PBXBuildFile; fileRef = 3BDD657D1D45E4CA009EA15F /* sport@2x.png */; };
		3BDD65BA1D45E4CA009EA15F /* sport@3x.png in Resources */ = {isa = PBXBuildFile; fileRef = 3BDD657E1D45E4CA009EA15F /* sport@3x.png */; };
		3BDD65BB1D45E4CA009EA15F /* ture_box@2x.png in Resources */ = {isa = PBXBuildFile; fileRef = 3BDD657F1D45E4CA009EA15F /* ture_box@2x.png */; };
		3BDD65BC1D45E4CA009EA15F /* ture_box@3x.png in Resources */ = {isa = PBXBuildFile; fileRef = 3BDD65801D45E4CA009EA15F /* ture_box@3x.png */; };
		3BDD65BD1D45E4CA009EA15F /* unlock@2x.png in Resources */ = {isa = PBXBuildFile; fileRef = 3BDD65811D45E4CA009EA15F /* unlock@2x.png */; };
		3BDD65BE1D45E4CA009EA15F /* unlock@3x.png in Resources */ = {isa = PBXBuildFile; fileRef = 3BDD65821D45E4CA009EA15F /* unlock@3x.png */; };
		3BDD65BF1D45E4CA009EA15F /* user@2x.png in Resources */ = {isa = PBXBuildFile; fileRef = 3BDD65831D45E4CA009EA15F /* user@2x.png */; };
		3BDD65C01D45E4CA009EA15F /* user@3x.png in Resources */ = {isa = PBXBuildFile; fileRef = 3BDD65841D45E4CA009EA15F /* user@3x.png */; };
		3BDD65C41D45F5DC009EA15F /* RegistViewController.m in Sources */ = {isa = PBXBuildFile; fileRef = 3BDD65C21D45F5DC009EA15F /* RegistViewController.m */; };
		3BDD65C51D45F5DC009EA15F /* RegistViewController.xib in Resources */ = {isa = PBXBuildFile; fileRef = 3BDD65C31D45F5DC009EA15F /* RegistViewController.xib */; };
		3BEFB4741D4994C5003DABF7 /* sm4.c in Sources */ = {isa = PBXBuildFile; fileRef = 3BEFB46E1D4994C5003DABF7 /* sm4.c */; };
		3BEFB4751D4994C5003DABF7 /* sm4test.c in Sources */ = {isa = PBXBuildFile; fileRef = 3BEFB4711D4994C5003DABF7 /* sm4test.c */; };
		3BEFB4761D4994C5003DABF7 /* sms4.c in Sources */ = {isa = PBXBuildFile; fileRef = 3BEFB4731D4994C5003DABF7 /* sms4.c */; };
		3BF1731F1D46F20D008DF4DC /* MiBaoXiangViewController.m in Sources */ = {isa = PBXBuildFile; fileRef = 3BF1731E1D46F20D008DF4DC /* MiBaoXiangViewController.m */; };
		3BF367F11D4C7CAB00637BEC /* PasswordNoteModel.m in Sources */ = {isa = PBXBuildFile; fileRef = 3BF367F01D4C7CAB00637BEC /* PasswordNoteModel.m */; };
		3BF367F41D4C7EC000637BEC /* XxfFmdbTool.m in Sources */ = {isa = PBXBuildFile; fileRef = 3BF367F31D4C7EC000637BEC /* XxfFmdbTool.m */; };
		4A2D59F29E80D72E811BFE1E /* libPods.a in Frameworks */ = {isa = PBXBuildFile; fileRef = 1B7C1E8C81FC86181499D788 /* libPods.a */; };
/* End PBXBuildFile section */

/* Begin PBXContainerItemProxy section */
		3BDD65271D45DE74009EA15F /* PBXContainerItemProxy */ = {
			isa = PBXContainerItemProxy;
			containerPortal = 3BDD65051D45DE73009EA15F /* Project object */;
			proxyType = 1;
			remoteGlobalIDString = 3BDD650C1D45DE73009EA15F;
			remoteInfo = BaoMiWanBiao;
		};
		3BDD65321D45DE74009EA15F /* PBXContainerItemProxy */ = {
			isa = PBXContainerItemProxy;
			containerPortal = 3BDD65051D45DE73009EA15F /* Project object */;
			proxyType = 1;
			remoteGlobalIDString = 3BDD650C1D45DE73009EA15F;
			remoteInfo = BaoMiWanBiao;
		};
/* End PBXContainerItemProxy section */

/* Begin PBXFileReference section */
		056ED79766F2FAB2827EFB78 /* Pods.release.xcconfig */ = {isa = PBXFileReference; includeInIndex = 1; lastKnownFileType = text.xcconfig; name = Pods.release.xcconfig; path = "Pods/Target Support Files/Pods/Pods.release.xcconfig"; sourceTree = "<group>"; };
		1B7C1E8C81FC86181499D788 /* libPods.a */ = {isa = PBXFileReference; explicitFileType = archive.ar; includeInIndex = 0; path = libPods.a; sourceTree = BUILT_PRODUCTS_DIR; };
		3B659DF21D49E3ED00EC568B /* PhotoShowViewController.h */ = {isa = PBXFileReference; fileEncoding = 4; lastKnownFileType = sourcecode.c.h; path = PhotoShowViewController.h; sourceTree = "<group>"; };
		3B659DF31D49E3ED00EC568B /* PhotoShowViewController.m */ = {isa = PBXFileReference; fileEncoding = 4; lastKnownFileType = sourcecode.c.objc; path = PhotoShowViewController.m; sourceTree = "<group>"; };
		3B659DF81D49E46900EC568B /* PhotoShowContentView.h */ = {isa = PBXFileReference; fileEncoding = 4; lastKnownFileType = sourcecode.c.h; path = PhotoShowContentView.h; sourceTree = "<group>"; };
		3B659DF91D49E46900EC568B /* PhotoShowContentView.m */ = {isa = PBXFileReference; fileEncoding = 4; lastKnownFileType = sourcecode.c.objc; path = PhotoShowContentView.m; sourceTree = "<group>"; };
		3B8C1B301D4F00E500D061C8 /* PasswordNoteMainModel.h */ = {isa = PBXFileReference; fileEncoding = 4; lastKnownFileType = sourcecode.c.h; path = PasswordNoteMainModel.h; sourceTree = "<group>"; };
		3B8C1B311D4F00E500D061C8 /* PasswordNoteMainModel.m */ = {isa = PBXFileReference; fileEncoding = 4; lastKnownFileType = sourcecode.c.objc; path = PasswordNoteMainModel.m; sourceTree = "<group>"; };
		3B8C1B341D4F37A600D061C8 /* MotionStatusViewController.h */ = {isa = PBXFileReference; fileEncoding = 4; lastKnownFileType = sourcecode.c.h; path = MotionStatusViewController.h; sourceTree = "<group>"; };
		3B8C1B351D4F37A600D061C8 /* MotionStatusViewController.m */ = {isa = PBXFileReference; fileEncoding = 4; lastKnownFileType = sourcecode.c.objc; path = MotionStatusViewController.m; sourceTree = "<group>"; };
		3B8C1B371D4F39B000D061C8 /* MotionLineViewController.h */ = {isa = PBXFileReference; fileEncoding = 4; lastKnownFileType = sourcecode.c.h; path = MotionLineViewController.h; sourceTree = "<group>"; };
		3B8C1B381D4F39B000D061C8 /* MotionLineViewController.m */ = {isa = PBXFileReference; fileEncoding = 4; lastKnownFileType = sourcecode.c.objc; path = MotionLineViewController.m; sourceTree = "<group>"; };
		3B8C1B7E1D51887000D061C8 /* MotionStatusViewController.xib */ = {isa = PBXFileReference; fileEncoding = 4; lastKnownFileType = file.xib; path = MotionStatusViewController.xib; sourceTree = "<group>"; };
		3B8C1B831D51F9DD00D061C8 /* MotionHistoryViewController.h */ = {isa = PBXFileReference; fileEncoding = 4; lastKnownFileType = sourcecode.c.h; path = MotionHistoryViewController.h; sourceTree = "<group>"; };
		3B8C1B841D51F9DD00D061C8 /* MotionHistoryViewController.m */ = {isa = PBXFileReference; fileEncoding = 4; lastKnownFileType = sourcecode.c.objc; path = MotionHistoryViewController.m; sourceTree = "<group>"; };
		3B8C1B851D51F9DD00D061C8 /* MotionHistoryViewController.xib */ = {isa = PBXFileReference; fileEncoding = 4; lastKnownFileType = file.xib; path = MotionHistoryViewController.xib; sourceTree = "<group>"; };
		3BA27A311D4C374100B4C32F /* SM4-OCMethod.h */ = {isa = PBXFileReference; fileEncoding = 4; lastKnownFileType = sourcecode.c.h; path = "SM4-OCMethod.h"; sourceTree = "<group>"; };
		3BA27A321D4C374100B4C32F /* SM4-OCMethod.m */ = {isa = PBXFileReference; fileEncoding = 4; lastKnownFileType = sourcecode.c.objc; path = "SM4-OCMethod.m"; sourceTree = "<group>"; };
		3BBEF1481D4B3A3C001BAE66 /* MiMaBenViewController.h */ = {isa = PBXFileReference; fileEncoding = 4; lastKnownFileType = sourcecode.c.h; path = MiMaBenViewController.h; sourceTree = "<group>"; };
		3BBEF1491D4B3A3C001BAE66 /* MiMaBenViewController.m */ = {isa = PBXFileReference; fileEncoding = 4; lastKnownFileType = sourcecode.c.objc; path = MiMaBenViewController.m; sourceTree = "<group>"; };
		3BBEF14B1D4B3A69001BAE66 /* MiMaBenContentView.h */ = {isa = PBXFileReference; fileEncoding = 4; lastKnownFileType = sourcecode.c.h; path = MiMaBenContentView.h; sourceTree = "<group>"; };
		3BBEF14C1D4B3A69001BAE66 /* MiMaBenContentView.m */ = {isa = PBXFileReference; fileEncoding = 4; lastKnownFileType = sourcecode.c.objc; path = MiMaBenContentView.m; sourceTree = "<group>"; };
		3BBEF14E1D4B3B52001BAE66 /* MiMaTableViewCell.h */ = {isa = PBXFileReference; fileEncoding = 4; lastKnownFileType = sourcecode.c.h; path = MiMaTableViewCell.h; sourceTree = "<group>"; };
		3BBEF14F1D4B3B52001BAE66 /* MiMaTableViewCell.m */ = {isa = PBXFileReference; fileEncoding = 4; lastKnownFileType = sourcecode.c.objc; path = MiMaTableViewCell.m; sourceTree = "<group>"; };
		3BBEF1501D4B3B52001BAE66 /* MiMaTableViewCell.xib */ = {isa = PBXFileReference; fileEncoding = 4; lastKnownFileType = file.xib; path = MiMaTableViewCell.xib; sourceTree = "<group>"; };
		3BBEF1531D4B4691001BAE66 /* AddMiMaViewController.h */ = {isa = PBXFileReference; fileEncoding = 4; lastKnownFileType = sourcecode.c.h; path = AddMiMaViewController.h; sourceTree = "<group>"; };
		3BBEF1541D4B4691001BAE66 /* AddMiMaViewController.m */ = {isa = PBXFileReference; fileEncoding = 4; lastKnownFileType = sourcecode.c.objc; path = AddMiMaViewController.m; sourceTree = "<group>"; };
		3BBEF1581D4B495E001BAE66 /* AddMiMaViewContentView.h */ = {isa = PBXFileReference; fileEncoding = 4; lastKnownFileType = sourcecode.c.h; path = AddMiMaViewContentView.h; sourceTree = "<group>"; };
		3BBEF1591D4B495E001BAE66 /* AddMiMaViewContentView.m */ = {isa = PBXFileReference; fileEncoding = 4; lastKnownFileType = sourcecode.c.objc; path = AddMiMaViewContentView.m; sourceTree = "<group>"; };
		3BBEF15B1D4B4E97001BAE66 /* AddMiMaCell.h */ = {isa = PBXFileReference; fileEncoding = 4; lastKnownFileType = sourcecode.c.h; path = AddMiMaCell.h; sourceTree = "<group>"; };
		3BBEF15C1D4B4E97001BAE66 /* AddMiMaCell.m */ = {isa = PBXFileReference; fileEncoding = 4; lastKnownFileType = sourcecode.c.objc; path = AddMiMaCell.m; sourceTree = "<group>"; };
		3BBEF15D1D4B4E97001BAE66 /* AddMiMaCell.xib */ = {isa = PBXFileReference; fileEncoding = 4; lastKnownFileType = file.xib; path = AddMiMaCell.xib; sourceTree = "<group>"; };
		3BC0B4781D4847EB00616A27 /* ShouDongJiaMiWenJianJIaTableViewCell.h */ = {isa = PBXFileReference; fileEncoding = 4; lastKnownFileType = sourcecode.c.h; path = ShouDongJiaMiWenJianJIaTableViewCell.h; sourceTree = "<group>"; };
		3BC0B4791D4847EB00616A27 /* ShouDongJiaMiWenJianJIaTableViewCell.m */ = {isa = PBXFileReference; fileEncoding = 4; lastKnownFileType = sourcecode.c.objc; path = ShouDongJiaMiWenJianJIaTableViewCell.m; sourceTree = "<group>"; };
		3BC0B47A1D4847EB00616A27 /* ShouDongJiaMiWenJianJIaTableViewCell.xib */ = {isa = PBXFileReference; fileEncoding = 4; lastKnownFileType = file.xib; path = ShouDongJiaMiWenJianJIaTableViewCell.xib; sourceTree = "<group>"; };
		3BC0B47E1D48520E00616A27 /* LocalAlbumTableViewController.h */ = {isa = PBXFileReference; fileEncoding = 4; lastKnownFileType = sourcecode.c.h; path = LocalAlbumTableViewController.h; sourceTree = "<group>"; };
		3BC0B47F1D48520E00616A27 /* LocalAlbumTableViewController.m */ = {isa = PBXFileReference; fileEncoding = 4; lastKnownFileType = sourcecode.c.objc; path = LocalAlbumTableViewController.m; sourceTree = "<group>"; };
		3BC0B4801D48520E00616A27 /* LocalAlbumCell.h */ = {isa = PBXFileReference; fileEncoding = 4; lastKnownFileType = sourcecode.c.h; path = LocalAlbumCell.h; sourceTree = "<group>"; };
		3BC0B4811D48520E00616A27 /* LocalAlbumCell.m */ = {isa = PBXFileReference; fileEncoding = 4; lastKnownFileType = sourcecode.c.objc; path = LocalAlbumCell.m; sourceTree = "<group>"; };
		3BC0B4821D48520E00616A27 /* LocalAlbumCell.xib */ = {isa = PBXFileReference; fileEncoding = 4; lastKnownFileType = file.xib; path = LocalAlbumCell.xib; sourceTree = "<group>"; };
		3BC0B4831D48520E00616A27 /* LocalPhotoViewController.h */ = {isa = PBXFileReference; fileEncoding = 4; lastKnownFileType = sourcecode.c.h; path = LocalPhotoViewController.h; sourceTree = "<group>"; };
		3BC0B4841D48520E00616A27 /* LocalPhotoViewController.m */ = {isa = PBXFileReference; fileEncoding = 4; lastKnownFileType = sourcecode.c.objc; path = LocalPhotoViewController.m; sourceTree = "<group>"; };
		3BC0B4851D48520E00616A27 /* LocalPhotoViewController.xib */ = {isa = PBXFileReference; fileEncoding = 4; lastKnownFileType = file.xib; path = LocalPhotoViewController.xib; sourceTree = "<group>"; };
		3BC0B4861D48520E00616A27 /* LocalPhotoCell.h */ = {isa = PBXFileReference; fileEncoding = 4; lastKnownFileType = sourcecode.c.h; path = LocalPhotoCell.h; sourceTree = "<group>"; };
		3BC0B4871D48520E00616A27 /* LocalPhotoCell.m */ = {isa = PBXFileReference; fileEncoding = 4; lastKnownFileType = sourcecode.c.objc; path = LocalPhotoCell.m; sourceTree = "<group>"; };
		3BC0B4881D48520E00616A27 /* LocalPhotoCell.xib */ = {isa = PBXFileReference; fileEncoding = 4; lastKnownFileType = file.xib; path = LocalPhotoCell.xib; sourceTree = "<group>"; };
		3BC0B4891D48520E00616A27 /* AssetHelper.h */ = {isa = PBXFileReference; fileEncoding = 4; lastKnownFileType = sourcecode.c.h; path = AssetHelper.h; sourceTree = "<group>"; };
		3BC0B48A1D48520E00616A27 /* AssetHelper.m */ = {isa = PBXFileReference; fileEncoding = 4; lastKnownFileType = sourcecode.c.objc; path = AssetHelper.m; sourceTree = "<group>"; };
		3BD796FE1D55D34B00DB6821 /* JBBarChartFooterView.h */ = {isa = PBXFileReference; fileEncoding = 4; lastKnownFileType = sourcecode.c.h; path = JBBarChartFooterView.h; sourceTree = "<group>"; };
		3BD796FF1D55D34B00DB6821 /* JBBarChartFooterView.m */ = {isa = PBXFileReference; fileEncoding = 4; lastKnownFileType = sourcecode.c.objc; path = JBBarChartFooterView.m; sourceTree = "<group>"; };
		3BD797021D55D50000DB6821 /* XXFFontConstants.h */ = {isa = PBXFileReference; lastKnownFileType = sourcecode.c.h; path = XXFFontConstants.h; sourceTree = "<group>"; };
		3BD797031D55D55C00DB6821 /* XXFConstants.h */ = {isa = PBXFileReference; lastKnownFileType = sourcecode.c.h; path = XXFConstants.h; sourceTree = "<group>"; };
		3BD797051D55D62900DB6821 /* BaoMiWanBiao-Prefix.pch */ = {isa = PBXFileReference; lastKnownFileType = sourcecode.c.h; path = "BaoMiWanBiao-Prefix.pch"; sourceTree = "<group>"; };
		3BD797061D55D68600DB6821 /* XXFColorConstants.h */ = {isa = PBXFileReference; lastKnownFileType = sourcecode.c.h; path = XXFColorConstants.h; sourceTree = "<group>"; };
		3BDD650D1D45DE73009EA15F /* BaoMiWanBiao.app */ = {isa = PBXFileReference; explicitFileType = wrapper.application; includeInIndex = 0; path = BaoMiWanBiao.app; sourceTree = BUILT_PRODUCTS_DIR; };
		3BDD65111D45DE73009EA15F /* main.m */ = {isa = PBXFileReference; lastKnownFileType = sourcecode.c.objc; path = main.m; sourceTree = "<group>"; };
		3BDD65131D45DE73009EA15F /* AppDelegate.h */ = {isa = PBXFileReference; lastKnownFileType = sourcecode.c.h; path = AppDelegate.h; sourceTree = "<group>"; };
		3BDD65141D45DE73009EA15F /* AppDelegate.m */ = {isa = PBXFileReference; lastKnownFileType = sourcecode.c.objc; path = AppDelegate.m; sourceTree = "<group>"; };
		3BDD651C1D45DE73009EA15F /* Assets.xcassets */ = {isa = PBXFileReference; lastKnownFileType = folder.assetcatalog; path = Assets.xcassets; sourceTree = "<group>"; };
		3BDD651F1D45DE73009EA15F /* Base */ = {isa = PBXFileReference; lastKnownFileType = file.storyboard; name = Base; path = Base.lproj/LaunchScreen.storyboard; sourceTree = "<group>"; };
		3BDD65211D45DE73009EA15F /* Info.plist */ = {isa = PBXFileReference; lastKnownFileType = text.plist.xml; path = Info.plist; sourceTree = "<group>"; };
		3BDD65261D45DE74009EA15F /* BaoMiWanBiaoTests.xctest */ = {isa = PBXFileReference; explicitFileType = wrapper.cfbundle; includeInIndex = 0; path = BaoMiWanBiaoTests.xctest; sourceTree = BUILT_PRODUCTS_DIR; };
		3BDD652A1D45DE74009EA15F /* BaoMiWanBiaoTests.m */ = {isa = PBXFileReference; lastKnownFileType = sourcecode.c.objc; path = BaoMiWanBiaoTests.m; sourceTree = "<group>"; };
		3BDD652C1D45DE74009EA15F /* Info.plist */ = {isa = PBXFileReference; lastKnownFileType = text.plist.xml; path = Info.plist; sourceTree = "<group>"; };
		3BDD65311D45DE74009EA15F /* BaoMiWanBiaoUITests.xctest */ = {isa = PBXFileReference; explicitFileType = wrapper.cfbundle; includeInIndex = 0; path = BaoMiWanBiaoUITests.xctest; sourceTree = BUILT_PRODUCTS_DIR; };
		3BDD65351D45DE74009EA15F /* BaoMiWanBiaoUITests.m */ = {isa = PBXFileReference; lastKnownFileType = sourcecode.c.objc; path = BaoMiWanBiaoUITests.m; sourceTree = "<group>"; };
		3BDD65371D45DE74009EA15F /* Info.plist */ = {isa = PBXFileReference; lastKnownFileType = text.plist.xml; path = Info.plist; sourceTree = "<group>"; };
		3BDD65431D45DF65009EA15F /* RegistAndLoginViewController.h */ = {isa = PBXFileReference; fileEncoding = 4; lastKnownFileType = sourcecode.c.h; path = RegistAndLoginViewController.h; sourceTree = "<group>"; };
		3BDD65441D45DF65009EA15F /* RegistAndLoginViewController.m */ = {isa = PBXFileReference; fileEncoding = 4; lastKnownFileType = sourcecode.c.objc; path = RegistAndLoginViewController.m; sourceTree = "<group>"; };
		3BDD65451D45DF65009EA15F /* RegistAndLoginViewController.xib */ = {isa = PBXFileReference; fileEncoding = 4; lastKnownFileType = file.xib; path = RegistAndLoginViewController.xib; sourceTree = "<group>"; };
		3BDD65491D45E4CA009EA15F /* aclock@2x.png */ = {isa = PBXFileReference; lastKnownFileType = image.png; path = "aclock@2x.png"; sourceTree = "<group>"; };
		3BDD654A1D45E4CA009EA15F /* aclock@3x.png */ = {isa = PBXFileReference; lastKnownFileType = image.png; path = "aclock@3x.png"; sourceTree = "<group>"; };
		3BDD654B1D45E4CA009EA15F /* app@2x.png */ = {isa = PBXFileReference; lastKnownFileType = image.png; path = "app@2x.png"; sourceTree = "<group>"; };
		3BDD654C1D45E4CA009EA15F /* app@3x.png */ = {isa = PBXFileReference; lastKnownFileType = image.png; path = "app@3x.png"; sourceTree = "<group>"; };
		3BDD654D1D45E4CA009EA15F /* back@2x.png */ = {isa = PBXFileReference; lastKnownFileType = image.png; path = "back@2x.png"; sourceTree = "<group>"; };
		3BDD654E1D45E4CA009EA15F /* back@3x.png */ = {isa = PBXFileReference; lastKnownFileType = image.png; path = "back@3x.png"; sourceTree = "<group>"; };
		3BDD654F1D45E4CA009EA15F /* bg_sport@2x.png */ = {isa = PBXFileReference; lastKnownFileType = image.png; path = "bg_sport@2x.png"; sourceTree = "<group>"; };
		3BDD65501D45E4CA009EA15F /* bg_sport@3x.png */ = {isa = PBXFileReference; lastKnownFileType = image.png; path = "bg_sport@3x.png"; sourceTree = "<group>"; };
		3BDD65511D45E4CA009EA15F /* box@2x.png */ = {isa = PBXFileReference; lastKnownFileType = image.png; path = "box@2x.png"; sourceTree = "<group>"; };
		3BDD65521D45E4CA009EA15F /* box@3x.png */ = {isa = PBXFileReference; lastKnownFileType = image.png; path = "box@3x.png"; sourceTree = "<group>"; };
		3BDD65531D45E4CA009EA15F /* circle@2x.png */ = {isa = PBXFileReference; lastKnownFileType = image.png; path = "circle@2x.png"; sourceTree = "<group>"; };
		3BDD65541D45E4CA009EA15F /* circle@3x.png */ = {isa = PBXFileReference; lastKnownFileType = image.png; path = "circle@3x.png"; sourceTree = "<group>"; };
		3BDD65551D45E4CA009EA15F /* close@2x.png */ = {isa = PBXFileReference; lastKnownFileType = image.png; path = "close@2x.png"; sourceTree = "<group>"; };
		3BDD65561D45E4CA009EA15F /* close@3x.png */ = {isa = PBXFileReference; lastKnownFileType = image.png; path = "close@3x.png"; sourceTree = "<group>"; };
		3BDD65571D45E4CA009EA15F /* connect@2x.png */ = {isa = PBXFileReference; lastKnownFileType = image.png; path = "connect@2x.png"; sourceTree = "<group>"; };
		3BDD65581D45E4CA009EA15F /* connect@3x.png */ = {isa = PBXFileReference; lastKnownFileType = image.png; path = "connect@3x.png"; sourceTree = "<group>"; };
		3BDD65591D45E4CA009EA15F /* file@2x.png */ = {isa = PBXFileReference; lastKnownFileType = image.png; path = "file@2x.png"; sourceTree = "<group>"; };
		3BDD655A1D45E4CA009EA15F /* file@3x.png */ = {isa = PBXFileReference; lastKnownFileType = image.png; path = "file@3x.png"; sourceTree = "<group>"; };
		3BDD655B1D45E4CA009EA15F /* flie_box@2x.png */ = {isa = PBXFileReference; lastKnownFileType = image.png; path = "flie_box@2x.png"; sourceTree = "<group>"; };
		3BDD655C1D45E4CA009EA15F /* flie_box@3x.png */ = {isa = PBXFileReference; lastKnownFileType = image.png; path = "flie_box@3x.png"; sourceTree = "<group>"; };
		3BDD655D1D45E4CA009EA15F /* forget@2x.png */ = {isa = PBXFileReference; lastKnownFileType = image.png; path = "forget@2x.png"; sourceTree = "<group>"; };
		3BDD655E1D45E4CA009EA15F /* forget@3x.png */ = {isa = PBXFileReference; lastKnownFileType = image.png; path = "forget@3x.png"; sourceTree = "<group>"; };
		3BDD655F1D45E4CA009EA15F /* forward@2x.png */ = {isa = PBXFileReference; lastKnownFileType = image.png; path = "forward@2x.png"; sourceTree = "<group>"; };
		3BDD65601D45E4CA009EA15F /* forward@3x.png */ = {isa = PBXFileReference; lastKnownFileType = image.png; path = "forward@3x.png"; sourceTree = "<group>"; };
		3BDD65611D45E4CA009EA15F /* key@2x.png */ = {isa = PBXFileReference; lastKnownFileType = image.png; path = "key@2x.png"; sourceTree = "<group>"; };
		3BDD65621D45E4CA009EA15F /* key@3x.png */ = {isa = PBXFileReference; lastKnownFileType = image.png; path = "key@3x.png"; sourceTree = "<group>"; };
		3BDD65631D45E4CA009EA15F /* list@2x.png */ = {isa = PBXFileReference; lastKnownFileType = image.png; path = "list@2x.png"; sourceTree = "<group>"; };
		3BDD65641D45E4CA009EA15F /* list@3x.png */ = {isa = PBXFileReference; lastKnownFileType = image.png; path = "list@3x.png"; sourceTree = "<group>"; };
		3BDD65651D45E4CA009EA15F /* lock@2x.png */ = {isa = PBXFileReference; lastKnownFileType = image.png; path = "lock@2x.png"; sourceTree = "<group>"; };
		3BDD65661D45E4CA009EA15F /* lock@3x.png */ = {isa = PBXFileReference; lastKnownFileType = image.png; path = "lock@3x.png"; sourceTree = "<group>"; };
		3BDD65671D45E4CA009EA15F /* locked@2x.png */ = {isa = PBXFileReference; lastKnownFileType = image.png; path = "locked@2x.png"; sourceTree = "<group>"; };
		3BDD65681D45E4CA009EA15F /* locked@3x.png */ = {isa = PBXFileReference; lastKnownFileType = image.png; path = "locked@3x.png"; sourceTree = "<group>"; };
		3BDD65691D45E4CA009EA15F /* no_select@2x.png */ = {isa = PBXFileReference; lastKnownFileType = image.png; path = "no_select@2x.png"; sourceTree = "<group>"; };
		3BDD656A1D45E4CA009EA15F /* no_select@3x.png */ = {isa = PBXFileReference; lastKnownFileType = image.png; path = "no_select@3x.png"; sourceTree = "<group>"; };
		3BDD656B1D45E4CA009EA15F /* notepad@2x.png */ = {isa = PBXFileReference; lastKnownFileType = image.png; path = "notepad@2x.png"; sourceTree = "<group>"; };
		3BDD656C1D45E4CA009EA15F /* notepad@3x.png */ = {isa = PBXFileReference; lastKnownFileType = image.png; path = "notepad@3x.png"; sourceTree = "<group>"; };
		3BDD656D1D45E4CA009EA15F /* open@2x.png */ = {isa = PBXFileReference; lastKnownFileType = image.png; path = "open@2x.png"; sourceTree = "<group>"; };
		3BDD656E1D45E4CA009EA15F /* open@3x.png */ = {isa = PBXFileReference; lastKnownFileType = image.png; path = "open@3x.png"; sourceTree = "<group>"; };
		3BDD656F1D45E4CA009EA15F /* pencil-with-paper@2x.png */ = {isa = PBXFileReference; lastKnownFileType = image.png; path = "pencil-with-paper@2x.png"; sourceTree = "<group>"; };
		3BDD65701D45E4CA009EA15F /* pencil-with-paper@3x.png */ = {isa = PBXFileReference; lastKnownFileType = image.png; path = "pencil-with-paper@3x.png"; sourceTree = "<group>"; };
		3BDD65711D45E4CA009EA15F /* phone@2x.png */ = {isa = PBXFileReference; lastKnownFileType = image.png; path = "phone@2x.png"; sourceTree = "<group>"; };
		3BDD65721D45E4CA009EA15F /* phone@3x.png */ = {isa = PBXFileReference; lastKnownFileType = image.png; path = "phone@3x.png"; sourceTree = "<group>"; };
		3BDD65731D45E4CA009EA15F /* search@2x.png */ = {isa = PBXFileReference; lastKnownFileType = image.png; path = "search@2x.png"; sourceTree = "<group>"; };
		3BDD65741D45E4CA009EA15F /* search@3x.png */ = {isa = PBXFileReference; lastKnownFileType = image.png; path = "search@3x.png"; sourceTree = "<group>"; };
		3BDD65751D45E4CA009EA15F /* secret_box@2x.png */ = {isa = PBXFileReference; lastKnownFileType = image.png; path = "secret_box@2x.png"; sourceTree = "<group>"; };
		3BDD65761D45E4CA009EA15F /* secret_box@3x.png */ = {isa = PBXFileReference; lastKnownFileType = image.png; path = "secret_box@3x.png"; sourceTree = "<group>"; };
		3BDD65771D45E4CA009EA15F /* secret_text@2x.png */ = {isa = PBXFileReference; lastKnownFileType = image.png; path = "secret_text@2x.png"; sourceTree = "<group>"; };
		3BDD65781D45E4CA009EA15F /* secret_text@3x.png */ = {isa = PBXFileReference; lastKnownFileType = image.png; path = "secret_text@3x.png"; sourceTree = "<group>"; };
		3BDD65791D45E4CA009EA15F /* select@2x.png */ = {isa = PBXFileReference; lastKnownFileType = image.png; path = "select@2x.png"; sourceTree = "<group>"; };
		3BDD657A1D45E4CA009EA15F /* select@3x.png */ = {isa = PBXFileReference; lastKnownFileType = image.png; path = "select@3x.png"; sourceTree = "<group>"; };
		3BDD657B1D45E4CA009EA15F /* sleep@2x.png */ = {isa = PBXFileReference; lastKnownFileType = image.png; path = "sleep@2x.png"; sourceTree = "<group>"; };
		3BDD657C1D45E4CA009EA15F /* sleep@3x.png */ = {isa = PBXFileReference; lastKnownFileType = image.png; path = "sleep@3x.png"; sourceTree = "<group>"; };
		3BDD657D1D45E4CA009EA15F /* sport@2x.png */ = {isa = PBXFileReference; lastKnownFileType = image.png; path = "sport@2x.png"; sourceTree = "<group>"; };
		3BDD657E1D45E4CA009EA15F /* sport@3x.png */ = {isa = PBXFileReference; lastKnownFileType = image.png; path = "sport@3x.png"; sourceTree = "<group>"; };
		3BDD657F1D45E4CA009EA15F /* ture_box@2x.png */ = {isa = PBXFileReference; lastKnownFileType = image.png; path = "ture_box@2x.png"; sourceTree = "<group>"; };
		3BDD65801D45E4CA009EA15F /* ture_box@3x.png */ = {isa = PBXFileReference; lastKnownFileType = image.png; path = "ture_box@3x.png"; sourceTree = "<group>"; };
		3BDD65811D45E4CA009EA15F /* unlock@2x.png */ = {isa = PBXFileReference; lastKnownFileType = image.png; path = "unlock@2x.png"; sourceTree = "<group>"; };
		3BDD65821D45E4CA009EA15F /* unlock@3x.png */ = {isa = PBXFileReference; lastKnownFileType = image.png; path = "unlock@3x.png"; sourceTree = "<group>"; };
		3BDD65831D45E4CA009EA15F /* user@2x.png */ = {isa = PBXFileReference; lastKnownFileType = image.png; path = "user@2x.png"; sourceTree = "<group>"; };
		3BDD65841D45E4CA009EA15F /* user@3x.png */ = {isa = PBXFileReference; lastKnownFileType = image.png; path = "user@3x.png"; sourceTree = "<group>"; };
		3BDD65C11D45F5DC009EA15F /* RegistViewController.h */ = {isa = PBXFileReference; fileEncoding = 4; lastKnownFileType = sourcecode.c.h; path = RegistViewController.h; sourceTree = "<group>"; };
		3BDD65C21D45F5DC009EA15F /* RegistViewController.m */ = {isa = PBXFileReference; fileEncoding = 4; lastKnownFileType = sourcecode.c.objc; path = RegistViewController.m; sourceTree = "<group>"; };
		3BDD65C31D45F5DC009EA15F /* RegistViewController.xib */ = {isa = PBXFileReference; fileEncoding = 4; lastKnownFileType = file.xib; path = RegistViewController.xib; sourceTree = "<group>"; };
		3BEFB46E1D4994C5003DABF7 /* sm4.c */ = {isa = PBXFileReference; fileEncoding = 4; lastKnownFileType = sourcecode.c.c; path = sm4.c; sourceTree = "<group>"; };
		3BEFB46F1D4994C5003DABF7 /* sm4.h */ = {isa = PBXFileReference; fileEncoding = 4; lastKnownFileType = sourcecode.c.h; path = sm4.h; sourceTree = "<group>"; };
		3BEFB4701D4994C5003DABF7 /* sm4test.h */ = {isa = PBXFileReference; fileEncoding = 4; lastKnownFileType = sourcecode.c.h; path = sm4test.h; sourceTree = "<group>"; };
		3BEFB4711D4994C5003DABF7 /* sm4test.c */ = {isa = PBXFileReference; fileEncoding = 4; lastKnownFileType = sourcecode.c.c; path = sm4test.c; sourceTree = "<group>"; };
		3BEFB4721D4994C5003DABF7 /* sms4.h */ = {isa = PBXFileReference; fileEncoding = 4; lastKnownFileType = sourcecode.c.h; path = sms4.h; sourceTree = "<group>"; };
		3BEFB4731D4994C5003DABF7 /* sms4.c */ = {isa = PBXFileReference; fileEncoding = 4; lastKnownFileType = sourcecode.c.c; path = sms4.c; sourceTree = "<group>"; };
		3BF1731D1D46F20D008DF4DC /* MiBaoXiangViewController.h */ = {isa = PBXFileReference; fileEncoding = 4; lastKnownFileType = sourcecode.c.h; path = MiBaoXiangViewController.h; sourceTree = "<group>"; };
		3BF1731E1D46F20D008DF4DC /* MiBaoXiangViewController.m */ = {isa = PBXFileReference; fileEncoding = 4; lastKnownFileType = sourcecode.c.objc; path = MiBaoXiangViewController.m; sourceTree = "<group>"; };
		3BF367EF1D4C7CAB00637BEC /* PasswordNoteModel.h */ = {isa = PBXFileReference; fileEncoding = 4; lastKnownFileType = sourcecode.c.h; path = PasswordNoteModel.h; sourceTree = "<group>"; };
		3BF367F01D4C7CAB00637BEC /* PasswordNoteModel.m */ = {isa = PBXFileReference; fileEncoding = 4; lastKnownFileType = sourcecode.c.objc; path = PasswordNoteModel.m; sourceTree = "<group>"; };
		3BF367F21D4C7EC000637BEC /* XxfFmdbTool.h */ = {isa = PBXFileReference; fileEncoding = 4; lastKnownFileType = sourcecode.c.h; path = XxfFmdbTool.h; sourceTree = "<group>"; };
		3BF367F31D4C7EC000637BEC /* XxfFmdbTool.m */ = {isa = PBXFileReference; fileEncoding = 4; lastKnownFileType = sourcecode.c.objc; path = XxfFmdbTool.m; sourceTree = "<group>"; };
		6B119F38D43226B2F978BEAE /* Pods.debug.xcconfig */ = {isa = PBXFileReference; includeInIndex = 1; lastKnownFileType = text.xcconfig; name = Pods.debug.xcconfig; path = "Pods/Target Support Files/Pods/Pods.debug.xcconfig"; sourceTree = "<group>"; };
/* End PBXFileReference section */

/* Begin PBXFrameworksBuildPhase section */
		3BDD650A1D45DE73009EA15F /* Frameworks */ = {
			isa = PBXFrameworksBuildPhase;
			buildActionMask = 2147483647;
			files = (
				4A2D59F29E80D72E811BFE1E /* libPods.a in Frameworks */,
			);
			runOnlyForDeploymentPostprocessing = 0;
		};
		3BDD65231D45DE74009EA15F /* Frameworks */ = {
			isa = PBXFrameworksBuildPhase;
			buildActionMask = 2147483647;
			files = (
			);
			runOnlyForDeploymentPostprocessing = 0;
		};
		3BDD652E1D45DE74009EA15F /* Frameworks */ = {
			isa = PBXFrameworksBuildPhase;
			buildActionMask = 2147483647;
			files = (
			);
			runOnlyForDeploymentPostprocessing = 0;
		};
/* End PBXFrameworksBuildPhase section */

/* Begin PBXGroup section */
		3B659DF11D49E1D000EC568B /* 手动加密密保箱 */ = {
			isa = PBXGroup;
			children = (
				3BF1731D1D46F20D008DF4DC /* MiBaoXiangViewController.h */,
				3BF1731E1D46F20D008DF4DC /* MiBaoXiangViewController.m */,
				3BC0B4781D4847EB00616A27 /* ShouDongJiaMiWenJianJIaTableViewCell.h */,
				3BC0B4791D4847EB00616A27 /* ShouDongJiaMiWenJianJIaTableViewCell.m */,
				3BC0B47A1D4847EB00616A27 /* ShouDongJiaMiWenJianJIaTableViewCell.xib */,
			);
			name = "手动加密密保箱";
			sourceTree = "<group>";
		};
		3B8C1B331D4F374F00D061C8 /* 运动状态 */ = {
			isa = PBXGroup;
			children = (
				3B8C1B7A1D517B5C00D061C8 /* 运动状态视图 */,
				3B8C1B821D51F9A600D061C8 /* 运动历史记录 */,
				3B8C1B791D517B5100D061C8 /* 运动路线视图 */,
			);
			name = "运动状态";
			sourceTree = "<group>";
		};
		3B8C1B791D517B5100D061C8 /* 运动路线视图 */ = {
			isa = PBXGroup;
			children = (
				3B8C1B371D4F39B000D061C8 /* MotionLineViewController.h */,
				3B8C1B381D4F39B000D061C8 /* MotionLineViewController.m */,
			);
			name = "运动路线视图";
			sourceTree = "<group>";
		};
		3B8C1B7A1D517B5C00D061C8 /* 运动状态视图 */ = {
			isa = PBXGroup;
			children = (
				3B8C1B341D4F37A600D061C8 /* MotionStatusViewController.h */,
				3B8C1B351D4F37A600D061C8 /* MotionStatusViewController.m */,
				3B8C1B7E1D51887000D061C8 /* MotionStatusViewController.xib */,
			);
			name = "运动状态视图";
			sourceTree = "<group>";
		};
		3B8C1B821D51F9A600D061C8 /* 运动历史记录 */ = {
			isa = PBXGroup;
			children = (
				3B8C1B831D51F9DD00D061C8 /* MotionHistoryViewController.h */,
				3B8C1B841D51F9DD00D061C8 /* MotionHistoryViewController.m */,
				3B8C1B851D51F9DD00D061C8 /* MotionHistoryViewController.xib */,
			);
			name = "运动历史记录";
			sourceTree = "<group>";
		};
		3BA27A341D4C51BF00B4C32F /* 密码本主页面 */ = {
			isa = PBXGroup;
			children = (
				3BA27A361D4C51D700B4C32F /* Controller */,
				3BA27A371D4C51E300B4C32F /* View */,
			);
			name = "密码本主页面";
			sourceTree = "<group>";
		};
		3BA27A351D4C51CA00B4C32F /* 密码本编辑页面 */ = {
			isa = PBXGroup;
			children = (
				3BA27A381D4C51EA00B4C32F /* Controller */,
				3BA27A391D4C51F300B4C32F /* View */,
			);
			name = "密码本编辑页面";
			sourceTree = "<group>";
		};
		3BA27A361D4C51D700B4C32F /* Controller */ = {
			isa = PBXGroup;
			children = (
				3BBEF1481D4B3A3C001BAE66 /* MiMaBenViewController.h */,
				3BBEF1491D4B3A3C001BAE66 /* MiMaBenViewController.m */,
			);
			name = Controller;
			sourceTree = "<group>";
		};
		3BA27A371D4C51E300B4C32F /* View */ = {
			isa = PBXGroup;
			children = (
				3BBEF14B1D4B3A69001BAE66 /* MiMaBenContentView.h */,
				3BBEF14C1D4B3A69001BAE66 /* MiMaBenContentView.m */,
				3BBEF14E1D4B3B52001BAE66 /* MiMaTableViewCell.h */,
				3BBEF14F1D4B3B52001BAE66 /* MiMaTableViewCell.m */,
				3BBEF1501D4B3B52001BAE66 /* MiMaTableViewCell.xib */,
				3B8C1B301D4F00E500D061C8 /* PasswordNoteMainModel.h */,
				3B8C1B311D4F00E500D061C8 /* PasswordNoteMainModel.m */,
			);
			name = View;
			sourceTree = "<group>";
		};
		3BA27A381D4C51EA00B4C32F /* Controller */ = {
			isa = PBXGroup;
			children = (
				3BBEF1531D4B4691001BAE66 /* AddMiMaViewController.h */,
				3BBEF1541D4B4691001BAE66 /* AddMiMaViewController.m */,
			);
			name = Controller;
			sourceTree = "<group>";
		};
		3BA27A391D4C51F300B4C32F /* View */ = {
			isa = PBXGroup;
			children = (
				3BBEF1581D4B495E001BAE66 /* AddMiMaViewContentView.h */,
				3BBEF1591D4B495E001BAE66 /* AddMiMaViewContentView.m */,
				3BBEF15B1D4B4E97001BAE66 /* AddMiMaCell.h */,
				3BBEF15C1D4B4E97001BAE66 /* AddMiMaCell.m */,
				3BBEF15D1D4B4E97001BAE66 /* AddMiMaCell.xib */,
			);
			name = View;
			sourceTree = "<group>";
		};
		3BBEF1471D4B3A05001BAE66 /* 密码本 */ = {
			isa = PBXGroup;
			children = (
				3BA27A341D4C51BF00B4C32F /* 密码本主页面 */,
				3BA27A351D4C51CA00B4C32F /* 密码本编辑页面 */,
				3BF367EF1D4C7CAB00637BEC /* PasswordNoteModel.h */,
				3BF367F01D4C7CAB00637BEC /* PasswordNoteModel.m */,
				3BF367F21D4C7EC000637BEC /* XxfFmdbTool.h */,
				3BF367F31D4C7EC000637BEC /* XxfFmdbTool.m */,
			);
			name = "密码本";
			sourceTree = "<group>";
		};
		3BC0B47D1D4851F200616A27 /* 系统相册图片选择 */ = {
			isa = PBXGroup;
			children = (
				3BC0B47E1D48520E00616A27 /* LocalAlbumTableViewController.h */,
				3BC0B47F1D48520E00616A27 /* LocalAlbumTableViewController.m */,
				3BC0B4801D48520E00616A27 /* LocalAlbumCell.h */,
				3BC0B4811D48520E00616A27 /* LocalAlbumCell.m */,
				3BC0B4821D48520E00616A27 /* LocalAlbumCell.xib */,
				3BC0B4831D48520E00616A27 /* LocalPhotoViewController.h */,
				3BC0B4841D48520E00616A27 /* LocalPhotoViewController.m */,
				3BC0B4851D48520E00616A27 /* LocalPhotoViewController.xib */,
				3BC0B4861D48520E00616A27 /* LocalPhotoCell.h */,
				3BC0B4871D48520E00616A27 /* LocalPhotoCell.m */,
				3BC0B4881D48520E00616A27 /* LocalPhotoCell.xib */,
				3BC0B4891D48520E00616A27 /* AssetHelper.h */,
				3BC0B48A1D48520E00616A27 /* AssetHelper.m */,
			);
			name = "系统相册图片选择";
			sourceTree = "<group>";
		};
		3BD796FC1D55D2E200DB6821 /* Libraries */ = {
			isa = PBXGroup;
			children = (
				3BD796FD1D55D33400DB6821 /* jbChartView */,
			);
			name = Libraries;
			sourceTree = "<group>";
		};
		3BD796FD1D55D33400DB6821 /* jbChartView */ = {
			isa = PBXGroup;
			children = (
				3BD796FE1D55D34B00DB6821 /* JBBarChartFooterView.h */,
				3BD796FF1D55D34B00DB6821 /* JBBarChartFooterView.m */,
			);
			name = jbChartView;
			sourceTree = "<group>";
		};
		3BD797011D55D4D500DB6821 /* Constants */ = {
			isa = PBXGroup;
			children = (
				3BD797031D55D55C00DB6821 /* XXFConstants.h */,
				3BD797021D55D50000DB6821 /* XXFFontConstants.h */,
				3BD797061D55D68600DB6821 /* XXFColorConstants.h */,
			);
			name = Constants;
			sourceTree = "<group>";
		};
		3BDD65041D45DE73009EA15F = {
			isa = PBXGroup;
			children = (
				3BD797011D55D4D500DB6821 /* Constants */,
				3BD796FC1D55D2E200DB6821 /* Libraries */,
				3BDD650F1D45DE73009EA15F /* BaoMiWanBiao */,
				3BDD65291D45DE74009EA15F /* BaoMiWanBiaoTests */,
				3BDD65341D45DE74009EA15F /* BaoMiWanBiaoUITests */,
				3BDD650E1D45DE73009EA15F /* Products */,
				54CB55DD1168B1DFE3967623 /* Pods */,
				E6AFD94EFE541A378288FACC /* Frameworks */,
			);
			sourceTree = "<group>";
		};
		3BDD650E1D45DE73009EA15F /* Products */ = {
			isa = PBXGroup;
			children = (
				3BDD650D1D45DE73009EA15F /* BaoMiWanBiao.app */,
				3BDD65261D45DE74009EA15F /* BaoMiWanBiaoTests.xctest */,
				3BDD65311D45DE74009EA15F /* BaoMiWanBiaoUITests.xctest */,
			);
			name = Products;
			sourceTree = "<group>";
		};
		3BDD650F1D45DE73009EA15F /* BaoMiWanBiao */ = {
			isa = PBXGroup;
			children = (
				3BDD65131D45DE73009EA15F /* AppDelegate.h */,
				3BDD65141D45DE73009EA15F /* AppDelegate.m */,
				3BF1731C1D46F16E008DF4DC /* 获取相册文件并加密保存 */,
				3BBEF1471D4B3A05001BAE66 /* 密码本 */,
				3B8C1B331D4F374F00D061C8 /* 运动状态 */,
				3BF1731B1D46F161008DF4DC /* 注册登录界面 */,
				3BEFB46D1D499487003DABF7 /* SM4加密算法 */,
				3BDD651C1D45DE73009EA15F /* Assets.xcassets */,
				3BDD65481D45E4CA009EA15F /* iOS */,
				3BDD651E1D45DE73009EA15F /* LaunchScreen.storyboard */,
				3BDD65101D45DE73009EA15F /* Supporting Files */,
			);
			path = BaoMiWanBiao;
			sourceTree = "<group>";
		};
		3BDD65101D45DE73009EA15F /* Supporting Files */ = {
			isa = PBXGroup;
			children = (
				3BDD65211D45DE73009EA15F /* Info.plist */,
				3BDD65111D45DE73009EA15F /* main.m */,
				3BD797051D55D62900DB6821 /* BaoMiWanBiao-Prefix.pch */,
			);
			name = "Supporting Files";
			sourceTree = "<group>";
		};
		3BDD65291D45DE74009EA15F /* BaoMiWanBiaoTests */ = {
			isa = PBXGroup;
			children = (
				3BDD652A1D45DE74009EA15F /* BaoMiWanBiaoTests.m */,
				3BDD652C1D45DE74009EA15F /* Info.plist */,
			);
			path = BaoMiWanBiaoTests;
			sourceTree = "<group>";
		};
		3BDD65341D45DE74009EA15F /* BaoMiWanBiaoUITests */ = {
			isa = PBXGroup;
			children = (
				3BDD65351D45DE74009EA15F /* BaoMiWanBiaoUITests.m */,
				3BDD65371D45DE74009EA15F /* Info.plist */,
			);
			path = BaoMiWanBiaoUITests;
			sourceTree = "<group>";
		};
		3BDD65481D45E4CA009EA15F /* iOS */ = {
			isa = PBXGroup;
			children = (
				3BDD65491D45E4CA009EA15F /* aclock@2x.png */,
				3BDD654A1D45E4CA009EA15F /* aclock@3x.png */,
				3BDD654B1D45E4CA009EA15F /* app@2x.png */,
				3BDD654C1D45E4CA009EA15F /* app@3x.png */,
				3BDD654D1D45E4CA009EA15F /* back@2x.png */,
				3BDD654E1D45E4CA009EA15F /* back@3x.png */,
				3BDD654F1D45E4CA009EA15F /* bg_sport@2x.png */,
				3BDD65501D45E4CA009EA15F /* bg_sport@3x.png */,
				3BDD65511D45E4CA009EA15F /* box@2x.png */,
				3BDD65521D45E4CA009EA15F /* box@3x.png */,
				3BDD65531D45E4CA009EA15F /* circle@2x.png */,
				3BDD65541D45E4CA009EA15F /* circle@3x.png */,
				3BDD65551D45E4CA009EA15F /* close@2x.png */,
				3BDD65561D45E4CA009EA15F /* close@3x.png */,
				3BDD65571D45E4CA009EA15F /* connect@2x.png */,
				3BDD65581D45E4CA009EA15F /* connect@3x.png */,
				3BDD65591D45E4CA009EA15F /* file@2x.png */,
				3BDD655A1D45E4CA009EA15F /* file@3x.png */,
				3BDD655B1D45E4CA009EA15F /* flie_box@2x.png */,
				3BDD655C1D45E4CA009EA15F /* flie_box@3x.png */,
				3BDD655D1D45E4CA009EA15F /* forget@2x.png */,
				3BDD655E1D45E4CA009EA15F /* forget@3x.png */,
				3BDD655F1D45E4CA009EA15F /* forward@2x.png */,
				3BDD65601D45E4CA009EA15F /* forward@3x.png */,
				3BDD65611D45E4CA009EA15F /* key@2x.png */,
				3BDD65621D45E4CA009EA15F /* key@3x.png */,
				3BDD65631D45E4CA009EA15F /* list@2x.png */,
				3BDD65641D45E4CA009EA15F /* list@3x.png */,
				3BDD65651D45E4CA009EA15F /* lock@2x.png */,
				3BDD65661D45E4CA009EA15F /* lock@3x.png */,
				3BDD65671D45E4CA009EA15F /* locked@2x.png */,
				3BDD65681D45E4CA009EA15F /* locked@3x.png */,
				3BDD65691D45E4CA009EA15F /* no_select@2x.png */,
				3BDD656A1D45E4CA009EA15F /* no_select@3x.png */,
				3BDD656B1D45E4CA009EA15F /* notepad@2x.png */,
				3BDD656C1D45E4CA009EA15F /* notepad@3x.png */,
				3BDD656D1D45E4CA009EA15F /* open@2x.png */,
				3BDD656E1D45E4CA009EA15F /* open@3x.png */,
				3BDD656F1D45E4CA009EA15F /* pencil-with-paper@2x.png */,
				3BDD65701D45E4CA009EA15F /* pencil-with-paper@3x.png */,
				3BDD65711D45E4CA009EA15F /* phone@2x.png */,
				3BDD65721D45E4CA009EA15F /* phone@3x.png */,
				3BDD65731D45E4CA009EA15F /* search@2x.png */,
				3BDD65741D45E4CA009EA15F /* search@3x.png */,
				3BDD65751D45E4CA009EA15F /* secret_box@2x.png */,
				3BDD65761D45E4CA009EA15F /* secret_box@3x.png */,
				3BDD65771D45E4CA009EA15F /* secret_text@2x.png */,
				3BDD65781D45E4CA009EA15F /* secret_text@3x.png */,
				3BDD65791D45E4CA009EA15F /* select@2x.png */,
				3BDD657A1D45E4CA009EA15F /* select@3x.png */,
				3BDD657B1D45E4CA009EA15F /* sleep@2x.png */,
				3BDD657C1D45E4CA009EA15F /* sleep@3x.png */,
				3BDD657D1D45E4CA009EA15F /* sport@2x.png */,
				3BDD657E1D45E4CA009EA15F /* sport@3x.png */,
				3BDD657F1D45E4CA009EA15F /* ture_box@2x.png */,
				3BDD65801D45E4CA009EA15F /* ture_box@3x.png */,
				3BDD65811D45E4CA009EA15F /* unlock@2x.png */,
				3BDD65821D45E4CA009EA15F /* unlock@3x.png */,
				3BDD65831D45E4CA009EA15F /* user@2x.png */,
				3BDD65841D45E4CA009EA15F /* user@3x.png */,
			);
			path = iOS;
			sourceTree = "<group>";
		};
		3BEFB46D1D499487003DABF7 /* SM4加密算法 */ = {
			isa = PBXGroup;
			children = (
				3BA27A311D4C374100B4C32F /* SM4-OCMethod.h */,
				3BA27A321D4C374100B4C32F /* SM4-OCMethod.m */,
				3BEFB46E1D4994C5003DABF7 /* sm4.c */,
				3BEFB46F1D4994C5003DABF7 /* sm4.h */,
				3BEFB4701D4994C5003DABF7 /* sm4test.h */,
				3BEFB4711D4994C5003DABF7 /* sm4test.c */,
				3BEFB4721D4994C5003DABF7 /* sms4.h */,
				3BEFB4731D4994C5003DABF7 /* sms4.c */,
			);
			name = "SM4加密算法";
			sourceTree = "<group>";
		};
		3BF1731B1D46F161008DF4DC /* 注册登录界面 */ = {
			isa = PBXGroup;
			children = (
				3BDD65431D45DF65009EA15F /* RegistAndLoginViewController.h */,
				3BDD65441D45DF65009EA15F /* RegistAndLoginViewController.m */,
				3BDD65451D45DF65009EA15F /* RegistAndLoginViewController.xib */,
				3BDD65C11D45F5DC009EA15F /* RegistViewController.h */,
				3BDD65C21D45F5DC009EA15F /* RegistViewController.m */,
				3BDD65C31D45F5DC009EA15F /* RegistViewController.xib */,
			);
			name = "注册登录界面";
			sourceTree = "<group>";
		};
		3BF1731C1D46F16E008DF4DC /* 获取相册文件并加密保存 */ = {
			isa = PBXGroup;
			children = (
				3BC0B47D1D4851F200616A27 /* 系统相册图片选择 */,
				3B659DF11D49E1D000EC568B /* 手动加密密保箱 */,
				3B659DF21D49E3ED00EC568B /* PhotoShowViewController.h */,
				3B659DF31D49E3ED00EC568B /* PhotoShowViewController.m */,
				3B659DF81D49E46900EC568B /* PhotoShowContentView.h */,
				3B659DF91D49E46900EC568B /* PhotoShowContentView.m */,
			);
			name = "获取相册文件并加密保存";
			sourceTree = "<group>";
		};
		54CB55DD1168B1DFE3967623 /* Pods */ = {
			isa = PBXGroup;
			children = (
				6B119F38D43226B2F978BEAE /* Pods.debug.xcconfig */,
				056ED79766F2FAB2827EFB78 /* Pods.release.xcconfig */,
			);
			name = Pods;
			sourceTree = "<group>";
		};
		E6AFD94EFE541A378288FACC /* Frameworks */ = {
			isa = PBXGroup;
			children = (
				1B7C1E8C81FC86181499D788 /* libPods.a */,
			);
			name = Frameworks;
			sourceTree = "<group>";
		};
/* End PBXGroup section */

/* Begin PBXNativeTarget section */
		3BDD650C1D45DE73009EA15F /* BaoMiWanBiao */ = {
			isa = PBXNativeTarget;
			buildConfigurationList = 3BDD653A1D45DE74009EA15F /* Build configuration list for PBXNativeTarget "BaoMiWanBiao" */;
			buildPhases = (
				A691002FE39979A97C8CB001 /* Check Pods Manifest.lock */,
				3BDD65091D45DE73009EA15F /* Sources */,
				3BDD650A1D45DE73009EA15F /* Frameworks */,
				3BDD650B1D45DE73009EA15F /* Resources */,
				3B805D8AEA1986BD6BA863D4 /* Embed Pods Frameworks */,
				F5BE70C26E50C0AE99D737B5 /* Copy Pods Resources */,
			);
			buildRules = (
			);
			dependencies = (
			);
			name = BaoMiWanBiao;
			productName = BaoMiWanBiao;
			productReference = 3BDD650D1D45DE73009EA15F /* BaoMiWanBiao.app */;
			productType = "com.apple.product-type.application";
		};
		3BDD65251D45DE74009EA15F /* BaoMiWanBiaoTests */ = {
			isa = PBXNativeTarget;
			buildConfigurationList = 3BDD653D1D45DE74009EA15F /* Build configuration list for PBXNativeTarget "BaoMiWanBiaoTests" */;
			buildPhases = (
				3BDD65221D45DE74009EA15F /* Sources */,
				3BDD65231D45DE74009EA15F /* Frameworks */,
				3BDD65241D45DE74009EA15F /* Resources */,
			);
			buildRules = (
			);
			dependencies = (
				3BDD65281D45DE74009EA15F /* PBXTargetDependency */,
			);
			name = BaoMiWanBiaoTests;
			productName = BaoMiWanBiaoTests;
			productReference = 3BDD65261D45DE74009EA15F /* BaoMiWanBiaoTests.xctest */;
			productType = "com.apple.product-type.bundle.unit-test";
		};
		3BDD65301D45DE74009EA15F /* BaoMiWanBiaoUITests */ = {
			isa = PBXNativeTarget;
			buildConfigurationList = 3BDD65401D45DE74009EA15F /* Build configuration list for PBXNativeTarget "BaoMiWanBiaoUITests" */;
			buildPhases = (
				3BDD652D1D45DE74009EA15F /* Sources */,
				3BDD652E1D45DE74009EA15F /* Frameworks */,
				3BDD652F1D45DE74009EA15F /* Resources */,
			);
			buildRules = (
			);
			dependencies = (
				3BDD65331D45DE74009EA15F /* PBXTargetDependency */,
			);
			name = BaoMiWanBiaoUITests;
			productName = BaoMiWanBiaoUITests;
			productReference = 3BDD65311D45DE74009EA15F /* BaoMiWanBiaoUITests.xctest */;
			productType = "com.apple.product-type.bundle.ui-testing";
		};
/* End PBXNativeTarget section */

/* Begin PBXProject section */
		3BDD65051D45DE73009EA15F /* Project object */ = {
			isa = PBXProject;
			attributes = {
				LastUpgradeCheck = 0730;
				ORGANIZATIONNAME = Manridy.Bobo.com;
				TargetAttributes = {
					3BDD650C1D45DE73009EA15F = {
						CreatedOnToolsVersion = 7.3;
					};
					3BDD65251D45DE74009EA15F = {
						CreatedOnToolsVersion = 7.3;
						TestTargetID = 3BDD650C1D45DE73009EA15F;
					};
					3BDD65301D45DE74009EA15F = {
						CreatedOnToolsVersion = 7.3;
						TestTargetID = 3BDD650C1D45DE73009EA15F;
					};
				};
			};
			buildConfigurationList = 3BDD65081D45DE73009EA15F /* Build configuration list for PBXProject "BaoMiWanBiao" */;
			compatibilityVersion = "Xcode 3.2";
			developmentRegion = English;
			hasScannedForEncodings = 0;
			knownRegions = (
				en,
				Base,
			);
			mainGroup = 3BDD65041D45DE73009EA15F;
			productRefGroup = 3BDD650E1D45DE73009EA15F /* Products */;
			projectDirPath = "";
			projectRoot = "";
			targets = (
				3BDD650C1D45DE73009EA15F /* BaoMiWanBiao */,
				3BDD65251D45DE74009EA15F /* BaoMiWanBiaoTests */,
				3BDD65301D45DE74009EA15F /* BaoMiWanBiaoUITests */,
			);
		};
/* End PBXProject section */

/* Begin PBXResourcesBuildPhase section */
		3BDD650B1D45DE73009EA15F /* Resources */ = {
			isa = PBXResourcesBuildPhase;
			buildActionMask = 2147483647;
			files = (
				3BC0B4911D48520E00616A27 /* LocalPhotoCell.xib in Resources */,
				3BDD65A01D45E4CA009EA15F /* list@3x.png in Resources */,
				3BDD659C1D45E4CA009EA15F /* forward@3x.png in Resources */,
				3BDD65BD1D45E4CA009EA15F /* unlock@2x.png in Resources */,
				3BDD65A91D45E4CA009EA15F /* open@2x.png in Resources */,
				3BC0B48F1D48520E00616A27 /* LocalPhotoViewController.xib in Resources */,
				3BDD65921D45E4CA009EA15F /* close@3x.png in Resources */,
				3BDD65961D45E4CA009EA15F /* file@3x.png in Resources */,
				3BDD658C1D45E4CA009EA15F /* bg_sport@3x.png in Resources */,
				3BDD65901D45E4CA009EA15F /* circle@3x.png in Resources */,
				3BDD65B21D45E4CA009EA15F /* secret_box@3x.png in Resources */,
				3BDD658B1D45E4CA009EA15F /* bg_sport@2x.png in Resources */,
				3BDD65861D45E4CA009EA15F /* aclock@3x.png in Resources */,
				3BDD65A81D45E4CA009EA15F /* notepad@3x.png in Resources */,
				3BDD65891D45E4CA009EA15F /* back@2x.png in Resources */,
				3B8C1B871D51F9DD00D061C8 /* MotionHistoryViewController.xib in Resources */,
				3BC0B48D1D48520E00616A27 /* LocalAlbumCell.xib in Resources */,
				3BDD659D1D45E4CA009EA15F /* key@2x.png in Resources */,
				3BDD65B11D45E4CA009EA15F /* secret_box@2x.png in Resources */,
				3BDD65981D45E4CA009EA15F /* flie_box@3x.png in Resources */,
				3BDD658D1D45E4CA009EA15F /* box@2x.png in Resources */,
				3BDD65931D45E4CA009EA15F /* connect@2x.png in Resources */,
				3BDD65A51D45E4CA009EA15F /* no_select@2x.png in Resources */,
				3BDD65201D45DE73009EA15F /* LaunchScreen.storyboard in Resources */,
				3BDD658F1D45E4CA009EA15F /* circle@2x.png in Resources */,
				3BDD658E1D45E4CA009EA15F /* box@3x.png in Resources */,
				3BBEF1521D4B3B52001BAE66 /* MiMaTableViewCell.xib in Resources */,
				3BDD65A21D45E4CA009EA15F /* lock@3x.png in Resources */,
				3BDD65AF1D45E4CA009EA15F /* search@2x.png in Resources */,
				3BDD65AB1D45E4CA009EA15F /* pencil-with-paper@2x.png in Resources */,
				3BDD65BB1D45E4CA009EA15F /* ture_box@2x.png in Resources */,
				3BDD65BE1D45E4CA009EA15F /* unlock@3x.png in Resources */,
				3BDD65881D45E4CA009EA15F /* app@3x.png in Resources */,
				3BDD65B81D45E4CA009EA15F /* sleep@3x.png in Resources */,
				3BDD65A11D45E4CA009EA15F /* lock@2x.png in Resources */,
				3BDD659F1D45E4CA009EA15F /* list@2x.png in Resources */,
				3BDD65BF1D45E4CA009EA15F /* user@2x.png in Resources */,
				3BDD65951D45E4CA009EA15F /* file@2x.png in Resources */,
				3BDD65941D45E4CA009EA15F /* connect@3x.png in Resources */,
				3BDD65AA1D45E4CA009EA15F /* open@3x.png in Resources */,
				3BDD65B51D45E4CA009EA15F /* select@2x.png in Resources */,
				3BDD65871D45E4CA009EA15F /* app@2x.png in Resources */,
				3BDD65991D45E4CA009EA15F /* forget@2x.png in Resources */,
				3BDD65B61D45E4CA009EA15F /* select@3x.png in Resources */,
				3BDD65B71D45E4CA009EA15F /* sleep@2x.png in Resources */,
				3BDD65471D45DF65009EA15F /* RegistAndLoginViewController.xib in Resources */,
				3BDD65A61D45E4CA009EA15F /* no_select@3x.png in Resources */,
				3BDD651D1D45DE73009EA15F /* Assets.xcassets in Resources */,
				3B8C1B7F1D51887000D061C8 /* MotionStatusViewController.xib in Resources */,
				3BBEF15F1D4B4E97001BAE66 /* AddMiMaCell.xib in Resources */,
				3BDD65AE1D45E4CA009EA15F /* phone@3x.png in Resources */,
				3BC0B47C1D4847EB00616A27 /* ShouDongJiaMiWenJianJIaTableViewCell.xib in Resources */,
				3BDD65A71D45E4CA009EA15F /* notepad@2x.png in Resources */,
				3BDD659A1D45E4CA009EA15F /* forget@3x.png in Resources */,
				3BDD65971D45E4CA009EA15F /* flie_box@2x.png in Resources */,
				3BDD65B31D45E4CA009EA15F /* secret_text@2x.png in Resources */,
				3BDD65851D45E4CA009EA15F /* aclock@2x.png in Resources */,
				3BDD65BA1D45E4CA009EA15F /* sport@3x.png in Resources */,
				3BDD658A1D45E4CA009EA15F /* back@3x.png in Resources */,
				3BDD65AC1D45E4CA009EA15F /* pencil-with-paper@3x.png in Resources */,
				3BDD65A41D45E4CA009EA15F /* locked@3x.png in Resources */,
				3BDD659B1D45E4CA009EA15F /* forward@2x.png in Resources */,
				3BDD65C51D45F5DC009EA15F /* RegistViewController.xib in Resources */,
				3BDD65C01D45E4CA009EA15F /* user@3x.png in Resources */,
				3BDD65B91D45E4CA009EA15F /* sport@2x.png in Resources */,
				3BDD65911D45E4CA009EA15F /* close@2x.png in Resources */,
				3BDD65A31D45E4CA009EA15F /* locked@2x.png in Resources */,
				3BDD65B41D45E4CA009EA15F /* secret_text@3x.png in Resources */,
				3BDD659E1D45E4CA009EA15F /* key@3x.png in Resources */,
				3BDD65BC1D45E4CA009EA15F /* ture_box@3x.png in Resources */,
				3BDD65AD1D45E4CA009EA15F /* phone@2x.png in Resources */,
				3BDD65B01D45E4CA009EA15F /* search@3x.png in Resources */,
			);
			runOnlyForDeploymentPostprocessing = 0;
		};
		3BDD65241D45DE74009EA15F /* Resources */ = {
			isa = PBXResourcesBuildPhase;
			buildActionMask = 2147483647;
			files = (
			);
			runOnlyForDeploymentPostprocessing = 0;
		};
		3BDD652F1D45DE74009EA15F /* Resources */ = {
			isa = PBXResourcesBuildPhase;
			buildActionMask = 2147483647;
			files = (
			);
			runOnlyForDeploymentPostprocessing = 0;
		};
/* End PBXResourcesBuildPhase section */

/* Begin PBXShellScriptBuildPhase section */
		3B805D8AEA1986BD6BA863D4 /* Embed Pods Frameworks */ = {
			isa = PBXShellScriptBuildPhase;
			buildActionMask = 2147483647;
			files = (
			);
			inputPaths = (
			);
			name = "Embed Pods Frameworks";
			outputPaths = (
			);
			runOnlyForDeploymentPostprocessing = 0;
			shellPath = /bin/sh;
			shellScript = "\"${SRCROOT}/Pods/Target Support Files/Pods/Pods-frameworks.sh\"\n";
			showEnvVarsInLog = 0;
		};
		A691002FE39979A97C8CB001 /* Check Pods Manifest.lock */ = {
			isa = PBXShellScriptBuildPhase;
			buildActionMask = 2147483647;
			files = (
			);
			inputPaths = (
			);
			name = "Check Pods Manifest.lock";
			outputPaths = (
			);
			runOnlyForDeploymentPostprocessing = 0;
			shellPath = /bin/sh;
			shellScript = "diff \"${PODS_ROOT}/../Podfile.lock\" \"${PODS_ROOT}/Manifest.lock\" > /dev/null\nif [[ $? != 0 ]] ; then\n    cat << EOM\nerror: The sandbox is not in sync with the Podfile.lock. Run 'pod install' or update your CocoaPods installation.\nEOM\n    exit 1\nfi\n";
			showEnvVarsInLog = 0;
		};
		F5BE70C26E50C0AE99D737B5 /* Copy Pods Resources */ = {
			isa = PBXShellScriptBuildPhase;
			buildActionMask = 2147483647;
			files = (
			);
			inputPaths = (
			);
			name = "Copy Pods Resources";
			outputPaths = (
			);
			runOnlyForDeploymentPostprocessing = 0;
			shellPath = /bin/sh;
			shellScript = "\"${SRCROOT}/Pods/Target Support Files/Pods/Pods-resources.sh\"\n";
			showEnvVarsInLog = 0;
		};
/* End PBXShellScriptBuildPhase section */

/* Begin PBXSourcesBuildPhase section */
		3BDD65091D45DE73009EA15F /* Sources */ = {
			isa = PBXSourcesBuildPhase;
			buildActionMask = 2147483647;
			files = (
				3BD797001D55D34B00DB6821 /* JBBarChartFooterView.m in Sources */,
				3BBEF1511D4B3B52001BAE66 /* MiMaTableViewCell.m in Sources */,
				3BF1731F1D46F20D008DF4DC /* MiBaoXiangViewController.m in Sources */,
				3BDD65151D45DE73009EA15F /* AppDelegate.m in Sources */,
				3B8C1B361D4F37A600D061C8 /* MotionStatusViewController.m in Sources */,
				3B659DFA1D49E46900EC568B /* PhotoShowContentView.m in Sources */,
				3BDD65461D45DF65009EA15F /* RegistAndLoginViewController.m in Sources */,
				3B8C1B861D51F9DD00D061C8 /* MotionHistoryViewController.m in Sources */,
				3BBEF15A1D4B495E001BAE66 /* AddMiMaViewContentView.m in Sources */,
				3BBEF14D1D4B3A69001BAE66 /* MiMaBenContentView.m in Sources */,
				3BC0B4921D48520E00616A27 /* AssetHelper.m in Sources */,
				3BF367F11D4C7CAB00637BEC /* PasswordNoteModel.m in Sources */,
				3BDD65C41D45F5DC009EA15F /* RegistViewController.m in Sources */,
				3BDD65121D45DE73009EA15F /* main.m in Sources */,
				3BA27A331D4C374100B4C32F /* SM4-OCMethod.m in Sources */,
				3BEFB4751D4994C5003DABF7 /* sm4test.c in Sources */,
				3B8C1B391D4F39B000D061C8 /* MotionLineViewController.m in Sources */,
				3BEFB4741D4994C5003DABF7 /* sm4.c in Sources */,
				3BC0B47B1D4847EB00616A27 /* ShouDongJiaMiWenJianJIaTableViewCell.m in Sources */,
				3BBEF15E1D4B4E97001BAE66 /* AddMiMaCell.m in Sources */,
				3B659DF41D49E3ED00EC568B /* PhotoShowViewController.m in Sources */,
				3BC0B4901D48520E00616A27 /* LocalPhotoCell.m in Sources */,
				3BF367F41D4C7EC000637BEC /* XxfFmdbTool.m in Sources */,
				3BBEF1561D4B4691001BAE66 /* AddMiMaViewController.m in Sources */,
				3BC0B48E1D48520E00616A27 /* LocalPhotoViewController.m in Sources */,
				3BC0B48B1D48520E00616A27 /* LocalAlbumTableViewController.m in Sources */,
				3BEFB4761D4994C5003DABF7 /* sms4.c in Sources */,
				3BBEF14A1D4B3A3C001BAE66 /* MiMaBenViewController.m in Sources */,
				3BC0B48C1D48520E00616A27 /* LocalAlbumCell.m in Sources */,
				3B8C1B321D4F00E500D061C8 /* PasswordNoteMainModel.m in Sources */,
			);
			runOnlyForDeploymentPostprocessing = 0;
		};
		3BDD65221D45DE74009EA15F /* Sources */ = {
			isa = PBXSourcesBuildPhase;
			buildActionMask = 2147483647;
			files = (
				3BDD652B1D45DE74009EA15F /* BaoMiWanBiaoTests.m in Sources */,
			);
			runOnlyForDeploymentPostprocessing = 0;
		};
		3BDD652D1D45DE74009EA15F /* Sources */ = {
			isa = PBXSourcesBuildPhase;
			buildActionMask = 2147483647;
			files = (
				3BDD65361D45DE74009EA15F /* BaoMiWanBiaoUITests.m in Sources */,
			);
			runOnlyForDeploymentPostprocessing = 0;
		};
/* End PBXSourcesBuildPhase section */

/* Begin PBXTargetDependency section */
		3BDD65281D45DE74009EA15F /* PBXTargetDependency */ = {
			isa = PBXTargetDependency;
			target = 3BDD650C1D45DE73009EA15F /* BaoMiWanBiao */;
			targetProxy = 3BDD65271D45DE74009EA15F /* PBXContainerItemProxy */;
		};
		3BDD65331D45DE74009EA15F /* PBXTargetDependency */ = {
			isa = PBXTargetDependency;
			target = 3BDD650C1D45DE73009EA15F /* BaoMiWanBiao */;
			targetProxy = 3BDD65321D45DE74009EA15F /* PBXContainerItemProxy */;
		};
/* End PBXTargetDependency section */

/* Begin PBXVariantGroup section */
		3BDD651E1D45DE73009EA15F /* LaunchScreen.storyboard */ = {
			isa = PBXVariantGroup;
			children = (
				3BDD651F1D45DE73009EA15F /* Base */,
			);
			name = LaunchScreen.storyboard;
			sourceTree = "<group>";
		};
/* End PBXVariantGroup section */

/* Begin XCBuildConfiguration section */
		3BDD65381D45DE74009EA15F /* Debug */ = {
			isa = XCBuildConfiguration;
			buildSettings = {
				ALWAYS_SEARCH_USER_PATHS = NO;
				CLANG_ANALYZER_NONNULL = YES;
				CLANG_CXX_LANGUAGE_STANDARD = "gnu++0x";
				CLANG_CXX_LIBRARY = "libc++";
				CLANG_ENABLE_MODULES = YES;
				CLANG_ENABLE_OBJC_ARC = YES;
				CLANG_WARN_BOOL_CONVERSION = YES;
				CLANG_WARN_CONSTANT_CONVERSION = YES;
				CLANG_WARN_DIRECT_OBJC_ISA_USAGE = YES_ERROR;
				CLANG_WARN_EMPTY_BODY = YES;
				CLANG_WARN_ENUM_CONVERSION = YES;
				CLANG_WARN_INT_CONVERSION = YES;
				CLANG_WARN_OBJC_ROOT_CLASS = YES_ERROR;
				CLANG_WARN_UNREACHABLE_CODE = YES;
				CLANG_WARN__DUPLICATE_METHOD_MATCH = YES;
				"CODE_SIGN_IDENTITY[sdk=iphoneos*]" = "iPhone Developer";
				COPY_PHASE_STRIP = NO;
				DEBUG_INFORMATION_FORMAT = dwarf;
				ENABLE_STRICT_OBJC_MSGSEND = YES;
				ENABLE_TESTABILITY = YES;
				GCC_C_LANGUAGE_STANDARD = gnu99;
				GCC_DYNAMIC_NO_PIC = NO;
				GCC_NO_COMMON_BLOCKS = YES;
				GCC_OPTIMIZATION_LEVEL = 0;
				GCC_PREPROCESSOR_DEFINITIONS = (
					"DEBUG=1",
					"$(inherited)",
				);
				GCC_WARN_64_TO_32_BIT_CONVERSION = YES;
				GCC_WARN_ABOUT_RETURN_TYPE = YES_ERROR;
				GCC_WARN_UNDECLARED_SELECTOR = YES;
				GCC_WARN_UNINITIALIZED_AUTOS = YES_AGGRESSIVE;
				GCC_WARN_UNUSED_FUNCTION = YES;
				GCC_WARN_UNUSED_VARIABLE = YES;
				IPHONEOS_DEPLOYMENT_TARGET = 9.3;
				MTL_ENABLE_DEBUG_INFO = YES;
				ONLY_ACTIVE_ARCH = YES;
				SDKROOT = iphoneos;
			};
			name = Debug;
		};
		3BDD65391D45DE74009EA15F /* Release */ = {
			isa = XCBuildConfiguration;
			buildSettings = {
				ALWAYS_SEARCH_USER_PATHS = NO;
				CLANG_ANALYZER_NONNULL = YES;
				CLANG_CXX_LANGUAGE_STANDARD = "gnu++0x";
				CLANG_CXX_LIBRARY = "libc++";
				CLANG_ENABLE_MODULES = YES;
				CLANG_ENABLE_OBJC_ARC = YES;
				CLANG_WARN_BOOL_CONVERSION = YES;
				CLANG_WARN_CONSTANT_CONVERSION = YES;
				CLANG_WARN_DIRECT_OBJC_ISA_USAGE = YES_ERROR;
				CLANG_WARN_EMPTY_BODY = YES;
				CLANG_WARN_ENUM_CONVERSION = YES;
				CLANG_WARN_INT_CONVERSION = YES;
				CLANG_WARN_OBJC_ROOT_CLASS = YES_ERROR;
				CLANG_WARN_UNREACHABLE_CODE = YES;
				CLANG_WARN__DUPLICATE_METHOD_MATCH = YES;
				"CODE_SIGN_IDENTITY[sdk=iphoneos*]" = "iPhone Developer";
				COPY_PHASE_STRIP = NO;
				DEBUG_INFORMATION_FORMAT = "dwarf-with-dsym";
				ENABLE_NS_ASSERTIONS = NO;
				ENABLE_STRICT_OBJC_MSGSEND = YES;
				GCC_C_LANGUAGE_STANDARD = gnu99;
				GCC_NO_COMMON_BLOCKS = YES;
				GCC_WARN_64_TO_32_BIT_CONVERSION = YES;
				GCC_WARN_ABOUT_RETURN_TYPE = YES_ERROR;
				GCC_WARN_UNDECLARED_SELECTOR = YES;
				GCC_WARN_UNINITIALIZED_AUTOS = YES_AGGRESSIVE;
				GCC_WARN_UNUSED_FUNCTION = YES;
				GCC_WARN_UNUSED_VARIABLE = YES;
				IPHONEOS_DEPLOYMENT_TARGET = 9.3;
				MTL_ENABLE_DEBUG_INFO = NO;
				SDKROOT = iphoneos;
				VALIDATE_PRODUCT = YES;
			};
			name = Release;
		};
		3BDD653B1D45DE74009EA15F /* Debug */ = {
			isa = XCBuildConfiguration;
			baseConfigurationReference = 6B119F38D43226B2F978BEAE /* Pods.debug.xcconfig */;
			buildSettings = {
				ASSETCATALOG_COMPILER_APPICON_NAME = AppIcon;
				GCC_PREFIX_HEADER = "$(SRCROOT)/BaoMiWanBiao/BaoMiWanBiao-Prefix.pch";
				INFOPLIST_FILE = BaoMiWanBiao/Info.plist;
				LD_RUNPATH_SEARCH_PATHS = "$(inherited) @executable_path/Frameworks";
				PRODUCT_BUNDLE_IDENTIFIER = com.Bobo.BaoMiWanBiao;
				PRODUCT_NAME = "$(TARGET_NAME)";
			};
			name = Debug;
		};
		3BDD653C1D45DE74009EA15F /* Release */ = {
			isa = XCBuildConfiguration;
			baseConfigurationReference = 056ED79766F2FAB2827EFB78 /* Pods.release.xcconfig */;
			buildSettings = {
				ASSETCATALOG_COMPILER_APPICON_NAME = AppIcon;
				GCC_PREFIX_HEADER = "$(SRCROOT)/BaoMiWanBiao/BaoMiWanBiao-Prefix.pch";
				INFOPLIST_FILE = BaoMiWanBiao/Info.plist;
				LD_RUNPATH_SEARCH_PATHS = "$(inherited) @executable_path/Frameworks";
				PRODUCT_BUNDLE_IDENTIFIER = com.Bobo.BaoMiWanBiao;
				PRODUCT_NAME = "$(TARGET_NAME)";
			};
			name = Release;
		};
		3BDD653E1D45DE74009EA15F /* Debug */ = {
			isa = XCBuildConfiguration;
			buildSettings = {
				BUNDLE_LOADER = "$(TEST_HOST)";
				INFOPLIST_FILE = BaoMiWanBiaoTests/Info.plist;
				LD_RUNPATH_SEARCH_PATHS = "$(inherited) @executable_path/Frameworks @loader_path/Frameworks";
				PRODUCT_BUNDLE_IDENTIFIER = com.Bobo.BaoMiWanBiaoTests;
				PRODUCT_NAME = "$(TARGET_NAME)";
				TEST_HOST = "$(BUILT_PRODUCTS_DIR)/BaoMiWanBiao.app/BaoMiWanBiao";
			};
			name = Debug;
		};
		3BDD653F1D45DE74009EA15F /* Release */ = {
			isa = XCBuildConfiguration;
			buildSettings = {
				BUNDLE_LOADER = "$(TEST_HOST)";
				INFOPLIST_FILE = BaoMiWanBiaoTests/Info.plist;
				LD_RUNPATH_SEARCH_PATHS = "$(inherited) @executable_path/Frameworks @loader_path/Frameworks";
				PRODUCT_BUNDLE_IDENTIFIER = com.Bobo.BaoMiWanBiaoTests;
				PRODUCT_NAME = "$(TARGET_NAME)";
				TEST_HOST = "$(BUILT_PRODUCTS_DIR)/BaoMiWanBiao.app/BaoMiWanBiao";
			};
			name = Release;
		};
		3BDD65411D45DE74009EA15F /* Debug */ = {
			isa = XCBuildConfiguration;
			buildSettings = {
				INFOPLIST_FILE = BaoMiWanBiaoUITests/Info.plist;
				LD_RUNPATH_SEARCH_PATHS = "$(inherited) @executable_path/Frameworks @loader_path/Frameworks";
				PRODUCT_BUNDLE_IDENTIFIER = com.Bobo.BaoMiWanBiaoUITests;
				PRODUCT_NAME = "$(TARGET_NAME)";
				TEST_TARGET_NAME = BaoMiWanBiao;
			};
			name = Debug;
		};
		3BDD65421D45DE74009EA15F /* Release */ = {
			isa = XCBuildConfiguration;
			buildSettings = {
				INFOPLIST_FILE = BaoMiWanBiaoUITests/Info.plist;
				LD_RUNPATH_SEARCH_PATHS = "$(inherited) @executable_path/Frameworks @loader_path/Frameworks";
				PRODUCT_BUNDLE_IDENTIFIER = com.Bobo.BaoMiWanBiaoUITests;
				PRODUCT_NAME = "$(TARGET_NAME)";
				TEST_TARGET_NAME = BaoMiWanBiao;
			};
			name = Release;
		};
/* End XCBuildConfiguration section */

/* Begin XCConfigurationList section */
		3BDD65081D45DE73009EA15F /* Build configuration list for PBXProject "BaoMiWanBiao" */ = {
			isa = XCConfigurationList;
			buildConfigurations = (
				3BDD65381D45DE74009EA15F /* Debug */,
				3BDD65391D45DE74009EA15F /* Release */,
			);
			defaultConfigurationIsVisible = 0;
			defaultConfigurationName = Release;
		};
		3BDD653A1D45DE74009EA15F /* Build configuration list for PBXNativeTarget "BaoMiWanBiao" */ = {
			isa = XCConfigurationList;
			buildConfigurations = (
				3BDD653B1D45DE74009EA15F /* Debug */,
				3BDD653C1D45DE74009EA15F /* Release */,
			);
			defaultConfigurationIsVisible = 0;
			defaultConfigurationName = Release;
		};
		3BDD653D1D45DE74009EA15F /* Build configuration list for PBXNativeTarget "BaoMiWanBiaoTests" */ = {
			isa = XCConfigurationList;
			buildConfigurations = (
				3BDD653E1D45DE74009EA15F /* Debug */,
				3BDD653F1D45DE74009EA15F /* Release */,
			);
			defaultConfigurationIsVisible = 0;
			defaultConfigurationName = Release;
		};
		3BDD65401D45DE74009EA15F /* Build configuration list for PBXNativeTarget "BaoMiWanBiaoUITests" */ = {
			isa = XCConfigurationList;
			buildConfigurations = (
				3BDD65411D45DE74009EA15F /* Debug */,
				3BDD65421D45DE74009EA15F /* Release */,
			);
			defaultConfigurationIsVisible = 0;
			defaultConfigurationName = Release;
		};
/* End XCConfigurationList section */
	};
	rootObject = 3BDD65051D45DE73009EA15F /* Project object */;
}
